
Microsoft Visual Studio Solution File, Format Version 12.00
# Visual Studio 15
VisualStudioVersion = 15.0.28307.1300
MinimumVisualStudioVersion = 10.0.40219.1
Project("{2150E333-8FDC-42A3-9474-1A3956D46DE8}") = "연결 클래스", "연결 클래스", "{3D8CF532-C23B-4A03-8F5E-8CF0A3F12E98}"
EndProject
Project("{2150E333-8FDC-42A3-9474-1A3956D46DE8}") = "전송 클래스", "전송 클래스", "{612B0179-881B-4D30-91BA-690AB57738FC}"
EndProject
Project("{2150E333-8FDC-42A3-9474-1A3956D46DE8}") = "정보 클래스", "정보 클래스", "{3FFFC28D-738C-4B44-86B0-9274A96F86F6}"
EndProject
Project("{2150E333-8FDC-42A3-9474-1A3956D46DE8}") = "ClientServer_Sample", "ClientServer_Sample", "{6E818CE2-6F25-4915-9871-C7C94EEC84E4}"
EndProject
Project("{2150E333-8FDC-42A3-9474-1A3956D46DE8}") = "Basic_Exe", "Basic_Exe", "{05D3BB23-E76D-4074-A544-637FE97D9761}"
EndProject
Project("{FAE04EC0-301F-11D3-BF4B-00C04F79EFBC}") = "Client_Exe", "ClientServer_Sample\BasicClientServer\Client_Exe\Client_Exe.csproj", "{FF457546-A2A7-4FF4-966B-B67E75ADDBB0}"
EndProject
Project("{FAE04EC0-301F-11D3-BF4B-00C04F79EFBC}") = "Server_Exe", "ClientServer_Sample\BasicClientServer\Server_Exe\Server_Exe.csproj", "{D28DFAA2-0017-4B2A-A40B-25496FA6B082}"
EndProject
Project("{FAE04EC0-301F-11D3-BF4B-00C04F79EFBC}") = "AcceptTcpClient_Exe", "연결 클래스\AcceptTcpClient\AcceptTcpClient_Exe.csproj", "{B2E3ABA4-321E-40BC-982A-9C4AD32AEC02}"
EndProject
Project("{FAE04EC0-301F-11D3-BF4B-00C04F79EFBC}") = "TcpClient_Exe", "연결 클래스\TcpClient_Exe\TcpClient_Exe.csproj", "{81AC5787-3977-4918-B241-9412FED53BA3}"
EndProject
Project("{FAE04EC0-301F-11D3-BF4B-00C04F79EFBC}") = "TcpListener_Exe", "연결 클래스\TcpListener_Exe\TcpListener_Exe.csproj", "{4ECBCA10-EA59-4D4A-A7E0-C9A5489374E8}"
EndProject
Project("{FAE04EC0-301F-11D3-BF4B-00C04F79EFBC}") = "DNS_Exe", "정보 클래스\DNS_Exe\DNS_Exe.csproj", "{288CBBEB-AE59-4345-86E6-F2FD81B65DB4}"
EndProject
Project("{FAE04EC0-301F-11D3-BF4B-00C04F79EFBC}") = "IPAddress_Exe", "정보 클래스\IPAddress\IPAddress_Exe.csproj", "{5B913E05-E4F9-4024-81F5-1250D3532CCA}"
EndProject
Project("{FAE04EC0-301F-11D3-BF4B-00C04F79EFBC}") = "IPEndPoint_Exe", "정보 클래스\IPEndPoint_Exe\IPEndPoint_Exe.csproj", "{D5863299-246C-4703-8BB8-4C4616D2A6F2}"
EndProject
Project("{FAE04EC0-301F-11D3-BF4B-00C04F79EFBC}") = "IPHostEntry_Exe", "정보 클래스\IPHostEntry_Exe\IPHostEntry_Exe.csproj", "{37385BEE-DABD-4280-91AC-0A19FCED2CE0}"
EndProject
Project("{2150E333-8FDC-42A3-9474-1A3956D46DE8}") = "NetworkStream_CanRead_CanWrite", "NetworkStream_CanRead_CanWrite", "{4A94E212-F58B-411C-A5AC-E0BA19B1D83C}"
EndProject
Project("{2150E333-8FDC-42A3-9474-1A3956D46DE8}") = "StreamWriter_Read", "StreamWriter_Read", "{E6E44C75-143F-44CB-B9A3-5C398385F3C7}"
EndProject
Project("{FAE04EC0-301F-11D3-BF4B-00C04F79EFBC}") = "Server_Exe", "ClientServer_Sample\StreamWriter_Read\Server_Exe\Server_Exe.csproj", "{42742B25-CD5C-4B47-8DAE-6F91093972F1}"
EndProject
Project("{FAE04EC0-301F-11D3-BF4B-00C04F79EFBC}") = "Client_Exe", "ClientServer_Sample\StreamWriter_Read\Client_Exe\Client_Exe.csproj", "{2D5A9400-A0F7-48A5-9F17-3C97C5C7ED6B}"
EndProject
Project("{FAE04EC0-301F-11D3-BF4B-00C04F79EFBC}") = "Client_Exe", "ClientServer_Sample\NetworkStream_CanRead_CanWrite\Client_Exe\Client_Exe.csproj", "{CC2FBC10-AE6B-4583-B9DA-6CD7C5A5D32C}"
EndProject
Project("{FAE04EC0-301F-11D3-BF4B-00C04F79EFBC}") = "Server_Exe", "ClientServer_Sample\NetworkStream_CanRead_CanWrite\Server_Exe\Server_Exe.csproj", "{84323EF5-968A-4762-8793-4B24E2AA2E5C}"
EndProject
Project("{2150E333-8FDC-42A3-9474-1A3956D46DE8}") = "BinaryWrite", "BinaryWrite", "{4ECFF16A-9CFD-47EC-8955-0310FDA87C88}"
EndProject
Project("{FAE04EC0-301F-11D3-BF4B-00C04F79EFBC}") = "Server_Exe", "ClientServer_Sample\BinaryWrite\Server_Exe\Server_Exe.csproj", "{02F6F944-2705-49F1-BE5C-E9F5DADF7D18}"
EndProject
Project("{FAE04EC0-301F-11D3-BF4B-00C04F79EFBC}") = "Client_Exe", "ClientServer_Sample\BinaryWrite\Client_Exe\Client_Exe.csproj", "{78327A7C-1D74-4009-95E3-644559A0DB23}"
EndProject
Project("{2150E333-8FDC-42A3-9474-1A3956D46DE8}") = "스레드 클래스", "스레드 클래스", "{6B6859DE-DCFF-4CDF-AD4D-75AEF7E24BB6}"
EndProject
Project("{FAE04EC0-301F-11D3-BF4B-00C04F79EFBC}") = "Thread_Exe", "스레드 클래스\Thread_Exe\Thread_Exe.csproj", "{B4F708E2-D5B7-4F1F-8617-66A21F89463F}"
EndProject
Project("{FAE04EC0-301F-11D3-BF4B-00C04F79EFBC}") = "Thread_Exe02", "스레드 클래스\Thread_Exe02\Thread_Exe02.csproj", "{67A32644-3EF3-4EF5-89EF-16E3A15D37BB}"
EndProject
Project("{FAE04EC0-301F-11D3-BF4B-00C04F79EFBC}") = "MultiThread_Exe", "스레드 클래스\MultiThread_Exe\MultiThread_Exe.csproj", "{3BA1DE06-5263-4ECE-A1F8-55DEF81BC99F}"
EndProject
Project("{FAE04EC0-301F-11D3-BF4B-00C04F79EFBC}") = "MultiThread_Exe02", "스레드 클래스\MultiThread_Exe02\MultiThread_Exe02.csproj", "{37FEBC5F-2D39-4B0E-910D-B2AB946F6D2B}"
EndProject
Project("{FAE04EC0-301F-11D3-BF4B-00C04F79EFBC}") = "MultiThread_Exe03", "스레드 클래스\MultiThread_Exe03\MultiThread_Exe03.csproj", "{6E617AE4-E6F2-46D5-B097-1440E96519D7}"
EndProject
Global
	GlobalSection(SolutionConfigurationPlatforms) = preSolution
		Debug|Any CPU = Debug|Any CPU
		Release|Any CPU = Release|Any CPU
	EndGlobalSection
	GlobalSection(ProjectConfigurationPlatforms) = postSolution
		{FF457546-A2A7-4FF4-966B-B67E75ADDBB0}.Debug|Any CPU.ActiveCfg = Debug|Any CPU
		{FF457546-A2A7-4FF4-966B-B67E75ADDBB0}.Debug|Any CPU.Build.0 = Debug|Any CPU
		{FF457546-A2A7-4FF4-966B-B67E75ADDBB0}.Release|Any CPU.ActiveCfg = Release|Any CPU
		{FF457546-A2A7-4FF4-966B-B67E75ADDBB0}.Release|Any CPU.Build.0 = Release|Any CPU
		{D28DFAA2-0017-4B2A-A40B-25496FA6B082}.Debug|Any CPU.ActiveCfg = Debug|Any CPU
		{D28DFAA2-0017-4B2A-A40B-25496FA6B082}.Debug|Any CPU.Build.0 = Debug|Any CPU
		{D28DFAA2-0017-4B2A-A40B-25496FA6B082}.Release|Any CPU.ActiveCfg = Release|Any CPU
		{D28DFAA2-0017-4B2A-A40B-25496FA6B082}.Release|Any CPU.Build.0 = Release|Any CPU
		{B2E3ABA4-321E-40BC-982A-9C4AD32AEC02}.Debug|Any CPU.ActiveCfg = Debug|Any CPU
		{B2E3ABA4-321E-40BC-982A-9C4AD32AEC02}.Debug|Any CPU.Build.0 = Debug|Any CPU
		{B2E3ABA4-321E-40BC-982A-9C4AD32AEC02}.Release|Any CPU.ActiveCfg = Release|Any CPU
		{B2E3ABA4-321E-40BC-982A-9C4AD32AEC02}.Release|Any CPU.Build.0 = Release|Any CPU
		{81AC5787-3977-4918-B241-9412FED53BA3}.Debug|Any CPU.ActiveCfg = Debug|Any CPU
		{81AC5787-3977-4918-B241-9412FED53BA3}.Debug|Any CPU.Build.0 = Debug|Any CPU
		{81AC5787-3977-4918-B241-9412FED53BA3}.Release|Any CPU.ActiveCfg = Release|Any CPU
		{81AC5787-3977-4918-B241-9412FED53BA3}.Release|Any CPU.Build.0 = Release|Any CPU
		{4ECBCA10-EA59-4D4A-A7E0-C9A5489374E8}.Debug|Any CPU.ActiveCfg = Debug|Any CPU
		{4ECBCA10-EA59-4D4A-A7E0-C9A5489374E8}.Debug|Any CPU.Build.0 = Debug|Any CPU
		{4ECBCA10-EA59-4D4A-A7E0-C9A5489374E8}.Release|Any CPU.ActiveCfg = Release|Any CPU
		{4ECBCA10-EA59-4D4A-A7E0-C9A5489374E8}.Release|Any CPU.Build.0 = Release|Any CPU
		{288CBBEB-AE59-4345-86E6-F2FD81B65DB4}.Debug|Any CPU.ActiveCfg = Debug|Any CPU
		{288CBBEB-AE59-4345-86E6-F2FD81B65DB4}.Debug|Any CPU.Build.0 = Debug|Any CPU
		{288CBBEB-AE59-4345-86E6-F2FD81B65DB4}.Release|Any CPU.ActiveCfg = Release|Any CPU
		{288CBBEB-AE59-4345-86E6-F2FD81B65DB4}.Release|Any CPU.Build.0 = Release|Any CPU
		{5B913E05-E4F9-4024-81F5-1250D3532CCA}.Debug|Any CPU.ActiveCfg = Debug|Any CPU
		{5B913E05-E4F9-4024-81F5-1250D3532CCA}.Debug|Any CPU.Build.0 = Debug|Any CPU
		{5B913E05-E4F9-4024-81F5-1250D3532CCA}.Release|Any CPU.ActiveCfg = Release|Any CPU
		{5B913E05-E4F9-4024-81F5-1250D3532CCA}.Release|Any CPU.Build.0 = Release|Any CPU
		{D5863299-246C-4703-8BB8-4C4616D2A6F2}.Debug|Any CPU.ActiveCfg = Debug|Any CPU
		{D5863299-246C-4703-8BB8-4C4616D2A6F2}.Debug|Any CPU.Build.0 = Debug|Any CPU
		{D5863299-246C-4703-8BB8-4C4616D2A6F2}.Release|Any CPU.ActiveCfg = Release|Any CPU
		{D5863299-246C-4703-8BB8-4C4616D2A6F2}.Release|Any CPU.Build.0 = Release|Any CPU
		{37385BEE-DABD-4280-91AC-0A19FCED2CE0}.Debug|Any CPU.ActiveCfg = Debug|Any CPU
		{37385BEE-DABD-4280-91AC-0A19FCED2CE0}.Debug|Any CPU.Build.0 = Debug|Any CPU
		{37385BEE-DABD-4280-91AC-0A19FCED2CE0}.Release|Any CPU.ActiveCfg = Release|Any CPU
		{37385BEE-DABD-4280-91AC-0A19FCED2CE0}.Release|Any CPU.Build.0 = Release|Any CPU
		{42742B25-CD5C-4B47-8DAE-6F91093972F1}.Debug|Any CPU.ActiveCfg = Debug|Any CPU
		{42742B25-CD5C-4B47-8DAE-6F91093972F1}.Debug|Any CPU.Build.0 = Debug|Any CPU
		{42742B25-CD5C-4B47-8DAE-6F91093972F1}.Release|Any CPU.ActiveCfg = Release|Any CPU
		{42742B25-CD5C-4B47-8DAE-6F91093972F1}.Release|Any CPU.Build.0 = Release|Any CPU
		{2D5A9400-A0F7-48A5-9F17-3C97C5C7ED6B}.Debug|Any CPU.ActiveCfg = Debug|Any CPU
		{2D5A9400-A0F7-48A5-9F17-3C97C5C7ED6B}.Debug|Any CPU.Build.0 = Debug|Any CPU
		{2D5A9400-A0F7-48A5-9F17-3C97C5C7ED6B}.Release|Any CPU.ActiveCfg = Release|Any CPU
		{2D5A9400-A0F7-48A5-9F17-3C97C5C7ED6B}.Release|Any CPU.Build.0 = Release|Any CPU
		{CC2FBC10-AE6B-4583-B9DA-6CD7C5A5D32C}.Debug|Any CPU.ActiveCfg = Debug|Any CPU
		{CC2FBC10-AE6B-4583-B9DA-6CD7C5A5D32C}.Debug|Any CPU.Build.0 = Debug|Any CPU
		{CC2FBC10-AE6B-4583-B9DA-6CD7C5A5D32C}.Release|Any CPU.ActiveCfg = Release|Any CPU
		{CC2FBC10-AE6B-4583-B9DA-6CD7C5A5D32C}.Release|Any CPU.Build.0 = Release|Any CPU
		{84323EF5-968A-4762-8793-4B24E2AA2E5C}.Debug|Any CPU.ActiveCfg = Debug|Any CPU
		{84323EF5-968A-4762-8793-4B24E2AA2E5C}.Debug|Any CPU.Build.0 = Debug|Any CPU
		{84323EF5-968A-4762-8793-4B24E2AA2E5C}.Release|Any CPU.ActiveCfg = Release|Any CPU
		{84323EF5-968A-4762-8793-4B24E2AA2E5C}.Release|Any CPU.Build.0 = Release|Any CPU
		{02F6F944-2705-49F1-BE5C-E9F5DADF7D18}.Debug|Any CPU.ActiveCfg = Debug|Any CPU
		{02F6F944-2705-49F1-BE5C-E9F5DADF7D18}.Debug|Any CPU.Build.0 = Debug|Any CPU
		{02F6F944-2705-49F1-BE5C-E9F5DADF7D18}.Release|Any CPU.ActiveCfg = Release|Any CPU
		{02F6F944-2705-49F1-BE5C-E9F5DADF7D18}.Release|Any CPU.Build.0 = Release|Any CPU
		{78327A7C-1D74-4009-95E3-644559A0DB23}.Debug|Any CPU.ActiveCfg = Debug|Any CPU
		{78327A7C-1D74-4009-95E3-644559A0DB23}.Debug|Any CPU.Build.0 = Debug|Any CPU
		{78327A7C-1D74-4009-95E3-644559A0DB23}.Release|Any CPU.ActiveCfg = Release|Any CPU
		{78327A7C-1D74-4009-95E3-644559A0DB23}.Release|Any CPU.Build.0 = Release|Any CPU
		{B4F708E2-D5B7-4F1F-8617-66A21F89463F}.Debug|Any CPU.ActiveCfg = Debug|Any CPU
		{B4F708E2-D5B7-4F1F-8617-66A21F89463F}.Debug|Any CPU.Build.0 = Debug|Any CPU
		{B4F708E2-D5B7-4F1F-8617-66A21F89463F}.Release|Any CPU.ActiveCfg = Release|Any CPU
		{B4F708E2-D5B7-4F1F-8617-66A21F89463F}.Release|Any CPU.Build.0 = Release|Any CPU
		{67A32644-3EF3-4EF5-89EF-16E3A15D37BB}.Debug|Any CPU.ActiveCfg = Debug|Any CPU
		{67A32644-3EF3-4EF5-89EF-16E3A15D37BB}.Debug|Any CPU.Build.0 = Debug|Any CPU
		{67A32644-3EF3-4EF5-89EF-16E3A15D37BB}.Release|Any CPU.ActiveCfg = Release|Any CPU
		{67A32644-3EF3-4EF5-89EF-16E3A15D37BB}.Release|Any CPU.Build.0 = Release|Any CPU
		{3BA1DE06-5263-4ECE-A1F8-55DEF81BC99F}.Debug|Any CPU.ActiveCfg = Debug|Any CPU
		{3BA1DE06-5263-4ECE-A1F8-55DEF81BC99F}.Debug|Any CPU.Build.0 = Debug|Any CPU
		{3BA1DE06-5263-4ECE-A1F8-55DEF81BC99F}.Release|Any CPU.ActiveCfg = Release|Any CPU
		{3BA1DE06-5263-4ECE-A1F8-55DEF81BC99F}.Release|Any CPU.Build.0 = Release|Any CPU
		{37FEBC5F-2D39-4B0E-910D-B2AB946F6D2B}.Debug|Any CPU.ActiveCfg = Debug|Any CPU
		{37FEBC5F-2D39-4B0E-910D-B2AB946F6D2B}.Debug|Any CPU.Build.0 = Debug|Any CPU
		{37FEBC5F-2D39-4B0E-910D-B2AB946F6D2B}.Release|Any CPU.ActiveCfg = Release|Any CPU
		{37FEBC5F-2D39-4B0E-910D-B2AB946F6D2B}.Release|Any CPU.Build.0 = Release|Any CPU
		{6E617AE4-E6F2-46D5-B097-1440E96519D7}.Debug|Any CPU.ActiveCfg = Debug|Any CPU
		{6E617AE4-E6F2-46D5-B097-1440E96519D7}.Debug|Any CPU.Build.0 = Debug|Any CPU
		{6E617AE4-E6F2-46D5-B097-1440E96519D7}.Release|Any CPU.ActiveCfg = Release|Any CPU
		{6E617AE4-E6F2-46D5-B097-1440E96519D7}.Release|Any CPU.Build.0 = Release|Any CPU
	EndGlobalSection
	GlobalSection(SolutionProperties) = preSolution
		HideSolutionNode = FALSE
	EndGlobalSection
	GlobalSection(NestedProjects) = preSolution
		{05D3BB23-E76D-4074-A544-637FE97D9761} = {6E818CE2-6F25-4915-9871-C7C94EEC84E4}
		{FF457546-A2A7-4FF4-966B-B67E75ADDBB0} = {05D3BB23-E76D-4074-A544-637FE97D9761}
		{D28DFAA2-0017-4B2A-A40B-25496FA6B082} = {05D3BB23-E76D-4074-A544-637FE97D9761}
		{B2E3ABA4-321E-40BC-982A-9C4AD32AEC02} = {3D8CF532-C23B-4A03-8F5E-8CF0A3F12E98}
		{81AC5787-3977-4918-B241-9412FED53BA3} = {3D8CF532-C23B-4A03-8F5E-8CF0A3F12E98}
		{4ECBCA10-EA59-4D4A-A7E0-C9A5489374E8} = {3D8CF532-C23B-4A03-8F5E-8CF0A3F12E98}
		{288CBBEB-AE59-4345-86E6-F2FD81B65DB4} = {3FFFC28D-738C-4B44-86B0-9274A96F86F6}
		{5B913E05-E4F9-4024-81F5-1250D3532CCA} = {3FFFC28D-738C-4B44-86B0-9274A96F86F6}
		{D5863299-246C-4703-8BB8-4C4616D2A6F2} = {3FFFC28D-738C-4B44-86B0-9274A96F86F6}
		{37385BEE-DABD-4280-91AC-0A19FCED2CE0} = {3FFFC28D-738C-4B44-86B0-9274A96F86F6}
		{4A94E212-F58B-411C-A5AC-E0BA19B1D83C} = {6E818CE2-6F25-4915-9871-C7C94EEC84E4}
		{E6E44C75-143F-44CB-B9A3-5C398385F3C7} = {6E818CE2-6F25-4915-9871-C7C94EEC84E4}
		{42742B25-CD5C-4B47-8DAE-6F91093972F1} = {E6E44C75-143F-44CB-B9A3-5C398385F3C7}
		{2D5A9400-A0F7-48A5-9F17-3C97C5C7ED6B} = {E6E44C75-143F-44CB-B9A3-5C398385F3C7}
		{CC2FBC10-AE6B-4583-B9DA-6CD7C5A5D32C} = {4A94E212-F58B-411C-A5AC-E0BA19B1D83C}
		{84323EF5-968A-4762-8793-4B24E2AA2E5C} = {4A94E212-F58B-411C-A5AC-E0BA19B1D83C}
		{4ECFF16A-9CFD-47EC-8955-0310FDA87C88} = {6E818CE2-6F25-4915-9871-C7C94EEC84E4}
		{02F6F944-2705-49F1-BE5C-E9F5DADF7D18} = {4ECFF16A-9CFD-47EC-8955-0310FDA87C88}
		{78327A7C-1D74-4009-95E3-644559A0DB23} = {4ECFF16A-9CFD-47EC-8955-0310FDA87C88}
		{B4F708E2-D5B7-4F1F-8617-66A21F89463F} = {6B6859DE-DCFF-4CDF-AD4D-75AEF7E24BB6}
		{67A32644-3EF3-4EF5-89EF-16E3A15D37BB} = {6B6859DE-DCFF-4CDF-AD4D-75AEF7E24BB6}
		{3BA1DE06-5263-4ECE-A1F8-55DEF81BC99F} = {6B6859DE-DCFF-4CDF-AD4D-75AEF7E24BB6}
		{37FEBC5F-2D39-4B0E-910D-B2AB946F6D2B} = {6B6859DE-DCFF-4CDF-AD4D-75AEF7E24BB6}
		{6E617AE4-E6F2-46D5-B097-1440E96519D7} = {6B6859DE-DCFF-4CDF-AD4D-75AEF7E24BB6}
	EndGlobalSection
	GlobalSection(ExtensibilityGlobals) = postSolution
		SolutionGuid = {B4A7F586-97BD-4D8E-A52A-447E9183EC25}
	EndGlobalSection
EndGlobal
