
Microsoft Visual Studio Solution File, Format Version 12.00
# Visual Studio 15
VisualStudioVersion = 15.0.28307.1259
MinimumVisualStudioVersion = 10.0.40219.1
Project("{FAE04EC0-301F-11D3-BF4B-00C04F79EFBC}") = "BooleanToVisibilityConverter", "BooleanToVisibilityConverter\BooleanToVisibilityConverter.csproj", "{8C6DA47A-7948-4F0E-B7EE-9F7760C8A8A2}"
EndProject
Project("{FAE04EC0-301F-11D3-BF4B-00C04F79EFBC}") = "InvertBooleanToVisibilityConverter", "InvertBooleanToVisibilityConverter\InvertBooleanToVisibilityConverter.csproj", "{EC4AE328-2F5B-4EB0-86A5-870745640A3A}"
EndProject
Global
	GlobalSection(SolutionConfigurationPlatforms) = preSolution
		Debug|Any CPU = Debug|Any CPU
		Release|Any CPU = Release|Any CPU
	EndGlobalSection
	GlobalSection(ProjectConfigurationPlatforms) = postSolution
		{8C6DA47A-7948-4F0E-B7EE-9F7760C8A8A2}.Debug|Any CPU.ActiveCfg = Debug|Any CPU
		{8C6DA47A-7948-4F0E-B7EE-9F7760C8A8A2}.Debug|Any CPU.Build.0 = Debug|Any CPU
		{8C6DA47A-7948-4F0E-B7EE-9F7760C8A8A2}.Release|Any CPU.ActiveCfg = Release|Any CPU
		{8C6DA47A-7948-4F0E-B7EE-9F7760C8A8A2}.Release|Any CPU.Build.0 = Release|Any CPU
		{EC4AE328-2F5B-4EB0-86A5-870745640A3A}.Debug|Any CPU.ActiveCfg = Debug|Any CPU
		{EC4AE328-2F5B-4EB0-86A5-870745640A3A}.Debug|Any CPU.Build.0 = Debug|Any CPU
		{EC4AE328-2F5B-4EB0-86A5-870745640A3A}.Release|Any CPU.ActiveCfg = Release|Any CPU
		{EC4AE328-2F5B-4EB0-86A5-870745640A3A}.Release|Any CPU.Build.0 = Release|Any CPU
	EndGlobalSection
	GlobalSection(SolutionProperties) = preSolution
		HideSolutionNode = FALSE
	EndGlobalSection
	GlobalSection(ExtensibilityGlobals) = postSolution
		SolutionGuid = {8EC2F2C2-0DD9-46AF-A8C5-9599725119FE}
	EndGlobalSection
EndGlobal
