
Microsoft Visual Studio Solution File, Format Version 12.00
# Visual Studio 15
VisualStudioVersion = 15.0.28307.1267
MinimumVisualStudioVersion = 10.0.40219.1
Project("{FAE04EC0-301F-11D3-BF4B-00C04F79EFBC}") = "TcpBinding.Server", "wcfExe1\TcpBinding.Server.csproj", "{44745A69-4044-4BAE-9869-09DD286B3692}"
EndProject
Project("{FAE04EC0-301F-11D3-BF4B-00C04F79EFBC}") = "TcpBinding.Client", "TcpBinding.Client\TcpBinding.Client.csproj", "{FE672D62-343B-4C31-99AE-8AD980BDE3AA}"
EndProject
Project("{FAE04EC0-301F-11D3-BF4B-00C04F79EFBC}") = "TcpBinding.Contract", "TcpBinding.Contract\TcpBinding.Contract.csproj", "{4053A66D-2B33-4DEE-A062-722FC4D244F6}"
EndProject
Global
	GlobalSection(SolutionConfigurationPlatforms) = preSolution
		Debug|Any CPU = Debug|Any CPU
		Release|Any CPU = Release|Any CPU
	EndGlobalSection
	GlobalSection(ProjectConfigurationPlatforms) = postSolution
		{44745A69-4044-4BAE-9869-09DD286B3692}.Debug|Any CPU.ActiveCfg = Debug|Any CPU
		{44745A69-4044-4BAE-9869-09DD286B3692}.Debug|Any CPU.Build.0 = Debug|Any CPU
		{44745A69-4044-4BAE-9869-09DD286B3692}.Release|Any CPU.ActiveCfg = Release|Any CPU
		{44745A69-4044-4BAE-9869-09DD286B3692}.Release|Any CPU.Build.0 = Release|Any CPU
		{FE672D62-343B-4C31-99AE-8AD980BDE3AA}.Debug|Any CPU.ActiveCfg = Debug|Any CPU
		{FE672D62-343B-4C31-99AE-8AD980BDE3AA}.Debug|Any CPU.Build.0 = Debug|Any CPU
		{FE672D62-343B-4C31-99AE-8AD980BDE3AA}.Release|Any CPU.ActiveCfg = Release|Any CPU
		{FE672D62-343B-4C31-99AE-8AD980BDE3AA}.Release|Any CPU.Build.0 = Release|Any CPU
		{4053A66D-2B33-4DEE-A062-722FC4D244F6}.Debug|Any CPU.ActiveCfg = Debug|Any CPU
		{4053A66D-2B33-4DEE-A062-722FC4D244F6}.Debug|Any CPU.Build.0 = Debug|Any CPU
		{4053A66D-2B33-4DEE-A062-722FC4D244F6}.Release|Any CPU.ActiveCfg = Release|Any CPU
		{4053A66D-2B33-4DEE-A062-722FC4D244F6}.Release|Any CPU.Build.0 = Release|Any CPU
	EndGlobalSection
	GlobalSection(SolutionProperties) = preSolution
		HideSolutionNode = FALSE
	EndGlobalSection
	GlobalSection(ExtensibilityGlobals) = postSolution
		SolutionGuid = {093B85D6-F754-41B2-BD4D-CD9EF0CAA7F1}
	EndGlobalSection
EndGlobal
