
Microsoft Visual Studio Solution File, Format Version 12.00
# Visual Studio 15
VisualStudioVersion = 15.0.28307.1209
MinimumVisualStudioVersion = 10.0.40219.1
Project("{2150E333-8FDC-42A3-9474-1A3956D46DE8}") = "BasicSyntax", "BasicSyntax", "{AF8397AC-3214-4DDB-99A2-55E12902CDB1}"
EndProject
Project("{FAE04EC0-301F-11D3-BF4B-00C04F79EFBC}") = "RefReturn", "RefReturn\RefReturn.csproj", "{8AAD25FA-FF98-417A-99F0-63E0E182366F}"
EndProject
Project("{FAE04EC0-301F-11D3-BF4B-00C04F79EFBC}") = "UsingOut", "UsingOut\UsingOut.csproj", "{9CAC2C7A-B7FE-401D-AD74-8D4E6FD7E797}"
EndProject
Project("{FAE04EC0-301F-11D3-BF4B-00C04F79EFBC}") = "LocalFunction", "LocalFunction\LocalFunction.csproj", "{FCB8AD5D-2D90-499A-94E8-44AB4C2F84FE}"
EndProject
Project("{FAE04EC0-301F-11D3-BF4B-00C04F79EFBC}") = "BasicClass", "BasicClass\BasicClass.csproj", "{3D36A867-4742-44D6-83D1-ADF5A3C918E7}"
EndProject
Project("{FAE04EC0-301F-11D3-BF4B-00C04F79EFBC}") = "DeepCopy", "DeepCopy\DeepCopy.csproj", "{050DFDC6-A795-49EA-882F-4C37E406532C}"
EndProject
Project("{FAE04EC0-301F-11D3-BF4B-00C04F79EFBC}") = "ThisConstructor", "ThisConstructor\ThisConstructor.csproj", "{A36ED9DE-5720-4F90-8CE9-EA20E6D977AB}"
EndProject
Project("{FAE04EC0-301F-11D3-BF4B-00C04F79EFBC}") = "Static", "Static\Static.csproj", "{698C0B4A-3F59-4AD1-BDDD-37B98D8D4B15}"
EndProject
Project("{FAE04EC0-301F-11D3-BF4B-00C04F79EFBC}") = "Inheritance", "Inheritance\Inheritance.csproj", "{DE784C98-C56C-4481-88FC-1C9AE517C7E6}"
EndProject
Project("{FAE04EC0-301F-11D3-BF4B-00C04F79EFBC}") = "overriding", "overriding\overriding.csproj", "{79C3F7D8-DBF8-44A4-98ED-03B4BCC5D9E3}"
EndProject
Project("{FAE04EC0-301F-11D3-BF4B-00C04F79EFBC}") = "MethodHiding", "MethodHiding\MethodHiding.csproj", "{B9296AFD-F5B9-446E-9AB8-0C15F5569998}"
EndProject
Project("{FAE04EC0-301F-11D3-BF4B-00C04F79EFBC}") = "NestedClass", "NestedClass\NestedClass.csproj", "{1325609B-D6F6-4111-BC04-5C2FCA62A9D1}"
EndProject
Project("{FAE04EC0-301F-11D3-BF4B-00C04F79EFBC}") = "PartialClass", "PartialClass\PartialClass.csproj", "{CBF46F01-6F38-4E4E-A590-0D4CB9B8AA78}"
EndProject
Project("{FAE04EC0-301F-11D3-BF4B-00C04F79EFBC}") = "ExtensionMehod", "ExtensionMehod\ExtensionMehod.csproj", "{3D93AABA-9983-4370-A6CB-B916706D4BA1}"
EndProject
Project("{FAE04EC0-301F-11D3-BF4B-00C04F79EFBC}") = "BasicInterface", "BasicInterface\BasicInterface.csproj", "{87FECD8A-115C-4B4B-9C4B-C5C61718BF43}"
EndProject
Project("{FAE04EC0-301F-11D3-BF4B-00C04F79EFBC}") = "BasicInterface2", "BasicInterface2\BasicInterface2.csproj", "{977FA203-EC62-48AA-B0AB-C9850EE71A08}"
EndProject
Project("{FAE04EC0-301F-11D3-BF4B-00C04F79EFBC}") = "BasicInterface3", "BasicInterface3\BasicInterface3.csproj", "{B3B022F4-1D8A-43A6-95F7-BFD215F41420}"
EndProject
Project("{FAE04EC0-301F-11D3-BF4B-00C04F79EFBC}") = "abstractInterfaceAndClass", "abstractInterfaceAndClass\abstractInterfaceAndClass.csproj", "{A9346C57-E09E-4948-968E-841BED0679A5}"
EndProject
Project("{FAE04EC0-301F-11D3-BF4B-00C04F79EFBC}") = "property", "propery\property.csproj", "{092E32DF-30BB-44D9-BD7E-C75F326A7000}"
EndProject
Project("{FAE04EC0-301F-11D3-BF4B-00C04F79EFBC}") = "property2", "property2\property2.csproj", "{D07BB17F-FC89-407C-98EC-84B96BE5926B}"
EndProject
Project("{FAE04EC0-301F-11D3-BF4B-00C04F79EFBC}") = "Property3", "Property3\Property3.csproj", "{5290C0D6-9634-40B1-9D58-98D93CDAC62F}"
EndProject
Project("{FAE04EC0-301F-11D3-BF4B-00C04F79EFBC}") = "PropertiesInInterface", "PropertiesInInterface\PropertiesInInterface.csproj", "{FC49E17A-E87B-460D-BE4A-C40E62B20424}"
EndProject
Project("{FAE04EC0-301F-11D3-BF4B-00C04F79EFBC}") = "ArraySample", "ArraySample\ArraySample.csproj", "{062C9742-D353-4043-BE10-B1B9E551821C}"
EndProject
Project("{FAE04EC0-301F-11D3-BF4B-00C04F79EFBC}") = "DerivedFromArray", "DerivedFromArray\DerivedFromArray.csproj", "{8FA675DC-780A-452C-9188-A9EC91AB1282}"
EndProject
Project("{FAE04EC0-301F-11D3-BF4B-00C04F79EFBC}") = "MoreOnArray", "MoreOnArray\MoreOnArray.csproj", "{BE200DAB-E456-40C9-AD0E-05BF68804B95}"
EndProject
Project("{FAE04EC0-301F-11D3-BF4B-00C04F79EFBC}") = "JaggedArray", "JaggedArray\JaggedArray.csproj", "{A5B4A1AC-9378-42D7-942E-4578651707B6}"
EndProject
Project("{FAE04EC0-301F-11D3-BF4B-00C04F79EFBC}") = "BasicCollection", "BasicCollection\BasicCollection.csproj", "{9904411C-71F7-493F-BC1F-CCF5E9B1B8AF}"
EndProject
Project("{FAE04EC0-301F-11D3-BF4B-00C04F79EFBC}") = "BasicCollection2", "BasicCollection2\BasicCollection2.csproj", "{BA24A8F8-D044-4433-AF9F-A57B3F6B1DB1}"
EndProject
Project("{FAE04EC0-301F-11D3-BF4B-00C04F79EFBC}") = "BasicDelegate", "BasicDelegate\BasicDelegate.csproj", "{54ECC64B-D435-4454-8583-A5CFBF798527}"
EndProject
Project("{FAE04EC0-301F-11D3-BF4B-00C04F79EFBC}") = "ConstaubtsOnTypeParameters(RE)", "ConstaubtsOnTypeParameters\ConstaubtsOnTypeParameters(RE).csproj", "{AA241DB0-5F7F-465B-954C-171250EFFF0B}"
EndProject
Project("{FAE04EC0-301F-11D3-BF4B-00C04F79EFBC}") = "GenericDelegate", "GenericDelegate\GenericDelegate.csproj", "{0BF45765-1EF9-4E5A-A25E-CBA2CC842572}"
EndProject
Project("{FAE04EC0-301F-11D3-BF4B-00C04F79EFBC}") = "BasicLambda", "BasicLambda\BasicLambda.csproj", "{8E870478-B90B-4873-961E-383267ECDD5B}"
EndProject
Project("{FAE04EC0-301F-11D3-BF4B-00C04F79EFBC}") = "BasicLambda2", "BasicLambda2\BasicLambda2.csproj", "{55ACD384-9668-447D-A2C7-52CDB8797836}"
EndProject
Project("{FAE04EC0-301F-11D3-BF4B-00C04F79EFBC}") = "LambdaFuncAction", "LambdaFuncAction\LambdaFuncAction.csproj", "{AE7896BB-3A8C-44B1-94B7-14F4E605AF63}"
EndProject
Project("{FAE04EC0-301F-11D3-BF4B-00C04F79EFBC}") = "ActionLambda", "ActionLambda\ActionLambda.csproj", "{4E70DB7C-8042-480D-B149-2755135F2C0D}"
EndProject
Project("{FAE04EC0-301F-11D3-BF4B-00C04F79EFBC}") = "UsingExpressionTree(RE)", "UsingExpressionTree\UsingExpressionTree(RE).csproj", "{BE1D9A4F-1A21-48ED-BFF4-5E117079D118}"
EndProject
Project("{FAE04EC0-301F-11D3-BF4B-00C04F79EFBC}") = "UsingExpressionTreeLambda", "UsingExpressionTreeLambda\UsingExpressionTreeLambda.csproj", "{3F3BEC70-0327-4B34-9C0B-61C912DA414E}"
EndProject
Project("{FAE04EC0-301F-11D3-BF4B-00C04F79EFBC}") = "ExpressionBodiedMember", "ExpressionBodiedMember\ExpressionBodiedMember.csproj", "{688297CB-534F-4D26-B036-D7ED0461E2E1}"
EndProject
Project("{2150E333-8FDC-42A3-9474-1A3956D46DE8}") = "DesignPattern", "DesignPattern", "{E8270F88-2A9B-4951-A690-89D81A811A47}"
EndProject
Project("{FAE04EC0-301F-11D3-BF4B-00C04F79EFBC}") = "SingletonPattern", "SingletonPattern\SingletonPattern.csproj", "{97BD63C8-2ECD-4E6A-A648-35EBCDB4A034}"
EndProject
Project("{FAE04EC0-301F-11D3-BF4B-00C04F79EFBC}") = "ThreadSafeSingletonPattern2", "ThreadSafeSingletonPattern2\ThreadSafeSingletonPattern2.csproj", "{FBDFDC29-43DF-4480-81E8-D758564525A4}"
EndProject
Project("{FAE04EC0-301F-11D3-BF4B-00C04F79EFBC}") = "FactoryMethod", "FactoryMethod\FactoryMethod.csproj", "{5CDDA833-8C2F-4425-89C6-82B367758AE6}"
EndProject
Project("{FAE04EC0-301F-11D3-BF4B-00C04F79EFBC}") = "FactoryMethod2", "FactoryMethod2\FactoryMethod2.csproj", "{DC97A4AC-5284-4CE9-A6FF-C55E2EBE4D92}"
EndProject
Project("{FAE04EC0-301F-11D3-BF4B-00C04F79EFBC}") = "ReflectionAndAttribute", "ReflectionAndAttribute\ReflectionAndAttribute.csproj", "{8FC2053C-7FA0-4D32-A8EF-BE8B1F984B7B}"
EndProject
Global
	GlobalSection(SolutionConfigurationPlatforms) = preSolution
		Debug|Any CPU = Debug|Any CPU
		Release|Any CPU = Release|Any CPU
	EndGlobalSection
	GlobalSection(ProjectConfigurationPlatforms) = postSolution
		{8AAD25FA-FF98-417A-99F0-63E0E182366F}.Debug|Any CPU.ActiveCfg = Debug|Any CPU
		{8AAD25FA-FF98-417A-99F0-63E0E182366F}.Debug|Any CPU.Build.0 = Debug|Any CPU
		{8AAD25FA-FF98-417A-99F0-63E0E182366F}.Release|Any CPU.ActiveCfg = Release|Any CPU
		{8AAD25FA-FF98-417A-99F0-63E0E182366F}.Release|Any CPU.Build.0 = Release|Any CPU
		{9CAC2C7A-B7FE-401D-AD74-8D4E6FD7E797}.Debug|Any CPU.ActiveCfg = Debug|Any CPU
		{9CAC2C7A-B7FE-401D-AD74-8D4E6FD7E797}.Debug|Any CPU.Build.0 = Debug|Any CPU
		{9CAC2C7A-B7FE-401D-AD74-8D4E6FD7E797}.Release|Any CPU.ActiveCfg = Release|Any CPU
		{9CAC2C7A-B7FE-401D-AD74-8D4E6FD7E797}.Release|Any CPU.Build.0 = Release|Any CPU
		{FCB8AD5D-2D90-499A-94E8-44AB4C2F84FE}.Debug|Any CPU.ActiveCfg = Debug|Any CPU
		{FCB8AD5D-2D90-499A-94E8-44AB4C2F84FE}.Debug|Any CPU.Build.0 = Debug|Any CPU
		{FCB8AD5D-2D90-499A-94E8-44AB4C2F84FE}.Release|Any CPU.ActiveCfg = Release|Any CPU
		{FCB8AD5D-2D90-499A-94E8-44AB4C2F84FE}.Release|Any CPU.Build.0 = Release|Any CPU
		{3D36A867-4742-44D6-83D1-ADF5A3C918E7}.Debug|Any CPU.ActiveCfg = Debug|Any CPU
		{3D36A867-4742-44D6-83D1-ADF5A3C918E7}.Debug|Any CPU.Build.0 = Debug|Any CPU
		{3D36A867-4742-44D6-83D1-ADF5A3C918E7}.Release|Any CPU.ActiveCfg = Release|Any CPU
		{3D36A867-4742-44D6-83D1-ADF5A3C918E7}.Release|Any CPU.Build.0 = Release|Any CPU
		{050DFDC6-A795-49EA-882F-4C37E406532C}.Debug|Any CPU.ActiveCfg = Debug|Any CPU
		{050DFDC6-A795-49EA-882F-4C37E406532C}.Debug|Any CPU.Build.0 = Debug|Any CPU
		{050DFDC6-A795-49EA-882F-4C37E406532C}.Release|Any CPU.ActiveCfg = Release|Any CPU
		{050DFDC6-A795-49EA-882F-4C37E406532C}.Release|Any CPU.Build.0 = Release|Any CPU
		{A36ED9DE-5720-4F90-8CE9-EA20E6D977AB}.Debug|Any CPU.ActiveCfg = Debug|Any CPU
		{A36ED9DE-5720-4F90-8CE9-EA20E6D977AB}.Debug|Any CPU.Build.0 = Debug|Any CPU
		{A36ED9DE-5720-4F90-8CE9-EA20E6D977AB}.Release|Any CPU.ActiveCfg = Release|Any CPU
		{A36ED9DE-5720-4F90-8CE9-EA20E6D977AB}.Release|Any CPU.Build.0 = Release|Any CPU
		{698C0B4A-3F59-4AD1-BDDD-37B98D8D4B15}.Debug|Any CPU.ActiveCfg = Debug|Any CPU
		{698C0B4A-3F59-4AD1-BDDD-37B98D8D4B15}.Debug|Any CPU.Build.0 = Debug|Any CPU
		{698C0B4A-3F59-4AD1-BDDD-37B98D8D4B15}.Release|Any CPU.ActiveCfg = Release|Any CPU
		{698C0B4A-3F59-4AD1-BDDD-37B98D8D4B15}.Release|Any CPU.Build.0 = Release|Any CPU
		{DE784C98-C56C-4481-88FC-1C9AE517C7E6}.Debug|Any CPU.ActiveCfg = Debug|Any CPU
		{DE784C98-C56C-4481-88FC-1C9AE517C7E6}.Debug|Any CPU.Build.0 = Debug|Any CPU
		{DE784C98-C56C-4481-88FC-1C9AE517C7E6}.Release|Any CPU.ActiveCfg = Release|Any CPU
		{DE784C98-C56C-4481-88FC-1C9AE517C7E6}.Release|Any CPU.Build.0 = Release|Any CPU
		{79C3F7D8-DBF8-44A4-98ED-03B4BCC5D9E3}.Debug|Any CPU.ActiveCfg = Debug|Any CPU
		{79C3F7D8-DBF8-44A4-98ED-03B4BCC5D9E3}.Debug|Any CPU.Build.0 = Debug|Any CPU
		{79C3F7D8-DBF8-44A4-98ED-03B4BCC5D9E3}.Release|Any CPU.ActiveCfg = Release|Any CPU
		{79C3F7D8-DBF8-44A4-98ED-03B4BCC5D9E3}.Release|Any CPU.Build.0 = Release|Any CPU
		{B9296AFD-F5B9-446E-9AB8-0C15F5569998}.Debug|Any CPU.ActiveCfg = Debug|Any CPU
		{B9296AFD-F5B9-446E-9AB8-0C15F5569998}.Debug|Any CPU.Build.0 = Debug|Any CPU
		{B9296AFD-F5B9-446E-9AB8-0C15F5569998}.Release|Any CPU.ActiveCfg = Release|Any CPU
		{B9296AFD-F5B9-446E-9AB8-0C15F5569998}.Release|Any CPU.Build.0 = Release|Any CPU
		{1325609B-D6F6-4111-BC04-5C2FCA62A9D1}.Debug|Any CPU.ActiveCfg = Debug|Any CPU
		{1325609B-D6F6-4111-BC04-5C2FCA62A9D1}.Debug|Any CPU.Build.0 = Debug|Any CPU
		{1325609B-D6F6-4111-BC04-5C2FCA62A9D1}.Release|Any CPU.ActiveCfg = Release|Any CPU
		{1325609B-D6F6-4111-BC04-5C2FCA62A9D1}.Release|Any CPU.Build.0 = Release|Any CPU
		{CBF46F01-6F38-4E4E-A590-0D4CB9B8AA78}.Debug|Any CPU.ActiveCfg = Debug|Any CPU
		{CBF46F01-6F38-4E4E-A590-0D4CB9B8AA78}.Debug|Any CPU.Build.0 = Debug|Any CPU
		{CBF46F01-6F38-4E4E-A590-0D4CB9B8AA78}.Release|Any CPU.ActiveCfg = Release|Any CPU
		{CBF46F01-6F38-4E4E-A590-0D4CB9B8AA78}.Release|Any CPU.Build.0 = Release|Any CPU
		{3D93AABA-9983-4370-A6CB-B916706D4BA1}.Debug|Any CPU.ActiveCfg = Debug|Any CPU
		{3D93AABA-9983-4370-A6CB-B916706D4BA1}.Debug|Any CPU.Build.0 = Debug|Any CPU
		{3D93AABA-9983-4370-A6CB-B916706D4BA1}.Release|Any CPU.ActiveCfg = Release|Any CPU
		{3D93AABA-9983-4370-A6CB-B916706D4BA1}.Release|Any CPU.Build.0 = Release|Any CPU
		{87FECD8A-115C-4B4B-9C4B-C5C61718BF43}.Debug|Any CPU.ActiveCfg = Debug|Any CPU
		{87FECD8A-115C-4B4B-9C4B-C5C61718BF43}.Debug|Any CPU.Build.0 = Debug|Any CPU
		{87FECD8A-115C-4B4B-9C4B-C5C61718BF43}.Release|Any CPU.ActiveCfg = Release|Any CPU
		{87FECD8A-115C-4B4B-9C4B-C5C61718BF43}.Release|Any CPU.Build.0 = Release|Any CPU
		{977FA203-EC62-48AA-B0AB-C9850EE71A08}.Debug|Any CPU.ActiveCfg = Debug|Any CPU
		{977FA203-EC62-48AA-B0AB-C9850EE71A08}.Debug|Any CPU.Build.0 = Debug|Any CPU
		{977FA203-EC62-48AA-B0AB-C9850EE71A08}.Release|Any CPU.ActiveCfg = Release|Any CPU
		{977FA203-EC62-48AA-B0AB-C9850EE71A08}.Release|Any CPU.Build.0 = Release|Any CPU
		{B3B022F4-1D8A-43A6-95F7-BFD215F41420}.Debug|Any CPU.ActiveCfg = Debug|Any CPU
		{B3B022F4-1D8A-43A6-95F7-BFD215F41420}.Debug|Any CPU.Build.0 = Debug|Any CPU
		{B3B022F4-1D8A-43A6-95F7-BFD215F41420}.Release|Any CPU.ActiveCfg = Release|Any CPU
		{B3B022F4-1D8A-43A6-95F7-BFD215F41420}.Release|Any CPU.Build.0 = Release|Any CPU
		{A9346C57-E09E-4948-968E-841BED0679A5}.Debug|Any CPU.ActiveCfg = Debug|Any CPU
		{A9346C57-E09E-4948-968E-841BED0679A5}.Debug|Any CPU.Build.0 = Debug|Any CPU
		{A9346C57-E09E-4948-968E-841BED0679A5}.Release|Any CPU.ActiveCfg = Release|Any CPU
		{A9346C57-E09E-4948-968E-841BED0679A5}.Release|Any CPU.Build.0 = Release|Any CPU
		{092E32DF-30BB-44D9-BD7E-C75F326A7000}.Debug|Any CPU.ActiveCfg = Debug|Any CPU
		{092E32DF-30BB-44D9-BD7E-C75F326A7000}.Debug|Any CPU.Build.0 = Debug|Any CPU
		{092E32DF-30BB-44D9-BD7E-C75F326A7000}.Release|Any CPU.ActiveCfg = Release|Any CPU
		{092E32DF-30BB-44D9-BD7E-C75F326A7000}.Release|Any CPU.Build.0 = Release|Any CPU
		{D07BB17F-FC89-407C-98EC-84B96BE5926B}.Debug|Any CPU.ActiveCfg = Debug|Any CPU
		{D07BB17F-FC89-407C-98EC-84B96BE5926B}.Debug|Any CPU.Build.0 = Debug|Any CPU
		{D07BB17F-FC89-407C-98EC-84B96BE5926B}.Release|Any CPU.ActiveCfg = Release|Any CPU
		{D07BB17F-FC89-407C-98EC-84B96BE5926B}.Release|Any CPU.Build.0 = Release|Any CPU
		{5290C0D6-9634-40B1-9D58-98D93CDAC62F}.Debug|Any CPU.ActiveCfg = Debug|Any CPU
		{5290C0D6-9634-40B1-9D58-98D93CDAC62F}.Debug|Any CPU.Build.0 = Debug|Any CPU
		{5290C0D6-9634-40B1-9D58-98D93CDAC62F}.Release|Any CPU.ActiveCfg = Release|Any CPU
		{5290C0D6-9634-40B1-9D58-98D93CDAC62F}.Release|Any CPU.Build.0 = Release|Any CPU
		{FC49E17A-E87B-460D-BE4A-C40E62B20424}.Debug|Any CPU.ActiveCfg = Debug|Any CPU
		{FC49E17A-E87B-460D-BE4A-C40E62B20424}.Debug|Any CPU.Build.0 = Debug|Any CPU
		{FC49E17A-E87B-460D-BE4A-C40E62B20424}.Release|Any CPU.ActiveCfg = Release|Any CPU
		{FC49E17A-E87B-460D-BE4A-C40E62B20424}.Release|Any CPU.Build.0 = Release|Any CPU
		{062C9742-D353-4043-BE10-B1B9E551821C}.Debug|Any CPU.ActiveCfg = Debug|Any CPU
		{062C9742-D353-4043-BE10-B1B9E551821C}.Debug|Any CPU.Build.0 = Debug|Any CPU
		{062C9742-D353-4043-BE10-B1B9E551821C}.Release|Any CPU.ActiveCfg = Release|Any CPU
		{062C9742-D353-4043-BE10-B1B9E551821C}.Release|Any CPU.Build.0 = Release|Any CPU
		{8FA675DC-780A-452C-9188-A9EC91AB1282}.Debug|Any CPU.ActiveCfg = Debug|Any CPU
		{8FA675DC-780A-452C-9188-A9EC91AB1282}.Debug|Any CPU.Build.0 = Debug|Any CPU
		{8FA675DC-780A-452C-9188-A9EC91AB1282}.Release|Any CPU.ActiveCfg = Release|Any CPU
		{8FA675DC-780A-452C-9188-A9EC91AB1282}.Release|Any CPU.Build.0 = Release|Any CPU
		{BE200DAB-E456-40C9-AD0E-05BF68804B95}.Debug|Any CPU.ActiveCfg = Debug|Any CPU
		{BE200DAB-E456-40C9-AD0E-05BF68804B95}.Debug|Any CPU.Build.0 = Debug|Any CPU
		{BE200DAB-E456-40C9-AD0E-05BF68804B95}.Release|Any CPU.ActiveCfg = Release|Any CPU
		{BE200DAB-E456-40C9-AD0E-05BF68804B95}.Release|Any CPU.Build.0 = Release|Any CPU
		{A5B4A1AC-9378-42D7-942E-4578651707B6}.Debug|Any CPU.ActiveCfg = Debug|Any CPU
		{A5B4A1AC-9378-42D7-942E-4578651707B6}.Debug|Any CPU.Build.0 = Debug|Any CPU
		{A5B4A1AC-9378-42D7-942E-4578651707B6}.Release|Any CPU.ActiveCfg = Release|Any CPU
		{A5B4A1AC-9378-42D7-942E-4578651707B6}.Release|Any CPU.Build.0 = Release|Any CPU
		{9904411C-71F7-493F-BC1F-CCF5E9B1B8AF}.Debug|Any CPU.ActiveCfg = Debug|Any CPU
		{9904411C-71F7-493F-BC1F-CCF5E9B1B8AF}.Debug|Any CPU.Build.0 = Debug|Any CPU
		{9904411C-71F7-493F-BC1F-CCF5E9B1B8AF}.Release|Any CPU.ActiveCfg = Release|Any CPU
		{9904411C-71F7-493F-BC1F-CCF5E9B1B8AF}.Release|Any CPU.Build.0 = Release|Any CPU
		{BA24A8F8-D044-4433-AF9F-A57B3F6B1DB1}.Debug|Any CPU.ActiveCfg = Debug|Any CPU
		{BA24A8F8-D044-4433-AF9F-A57B3F6B1DB1}.Debug|Any CPU.Build.0 = Debug|Any CPU
		{BA24A8F8-D044-4433-AF9F-A57B3F6B1DB1}.Release|Any CPU.ActiveCfg = Release|Any CPU
		{BA24A8F8-D044-4433-AF9F-A57B3F6B1DB1}.Release|Any CPU.Build.0 = Release|Any CPU
		{54ECC64B-D435-4454-8583-A5CFBF798527}.Debug|Any CPU.ActiveCfg = Debug|Any CPU
		{54ECC64B-D435-4454-8583-A5CFBF798527}.Debug|Any CPU.Build.0 = Debug|Any CPU
		{54ECC64B-D435-4454-8583-A5CFBF798527}.Release|Any CPU.ActiveCfg = Release|Any CPU
		{54ECC64B-D435-4454-8583-A5CFBF798527}.Release|Any CPU.Build.0 = Release|Any CPU
		{AA241DB0-5F7F-465B-954C-171250EFFF0B}.Debug|Any CPU.ActiveCfg = Debug|Any CPU
		{AA241DB0-5F7F-465B-954C-171250EFFF0B}.Debug|Any CPU.Build.0 = Debug|Any CPU
		{AA241DB0-5F7F-465B-954C-171250EFFF0B}.Release|Any CPU.ActiveCfg = Release|Any CPU
		{AA241DB0-5F7F-465B-954C-171250EFFF0B}.Release|Any CPU.Build.0 = Release|Any CPU
		{0BF45765-1EF9-4E5A-A25E-CBA2CC842572}.Debug|Any CPU.ActiveCfg = Debug|Any CPU
		{0BF45765-1EF9-4E5A-A25E-CBA2CC842572}.Debug|Any CPU.Build.0 = Debug|Any CPU
		{0BF45765-1EF9-4E5A-A25E-CBA2CC842572}.Release|Any CPU.ActiveCfg = Release|Any CPU
		{0BF45765-1EF9-4E5A-A25E-CBA2CC842572}.Release|Any CPU.Build.0 = Release|Any CPU
		{8E870478-B90B-4873-961E-383267ECDD5B}.Debug|Any CPU.ActiveCfg = Debug|Any CPU
		{8E870478-B90B-4873-961E-383267ECDD5B}.Debug|Any CPU.Build.0 = Debug|Any CPU
		{8E870478-B90B-4873-961E-383267ECDD5B}.Release|Any CPU.ActiveCfg = Release|Any CPU
		{8E870478-B90B-4873-961E-383267ECDD5B}.Release|Any CPU.Build.0 = Release|Any CPU
		{55ACD384-9668-447D-A2C7-52CDB8797836}.Debug|Any CPU.ActiveCfg = Debug|Any CPU
		{55ACD384-9668-447D-A2C7-52CDB8797836}.Debug|Any CPU.Build.0 = Debug|Any CPU
		{55ACD384-9668-447D-A2C7-52CDB8797836}.Release|Any CPU.ActiveCfg = Release|Any CPU
		{55ACD384-9668-447D-A2C7-52CDB8797836}.Release|Any CPU.Build.0 = Release|Any CPU
		{AE7896BB-3A8C-44B1-94B7-14F4E605AF63}.Debug|Any CPU.ActiveCfg = Debug|Any CPU
		{AE7896BB-3A8C-44B1-94B7-14F4E605AF63}.Debug|Any CPU.Build.0 = Debug|Any CPU
		{AE7896BB-3A8C-44B1-94B7-14F4E605AF63}.Release|Any CPU.ActiveCfg = Release|Any CPU
		{AE7896BB-3A8C-44B1-94B7-14F4E605AF63}.Release|Any CPU.Build.0 = Release|Any CPU
		{4E70DB7C-8042-480D-B149-2755135F2C0D}.Debug|Any CPU.ActiveCfg = Debug|Any CPU
		{4E70DB7C-8042-480D-B149-2755135F2C0D}.Debug|Any CPU.Build.0 = Debug|Any CPU
		{4E70DB7C-8042-480D-B149-2755135F2C0D}.Release|Any CPU.ActiveCfg = Release|Any CPU
		{4E70DB7C-8042-480D-B149-2755135F2C0D}.Release|Any CPU.Build.0 = Release|Any CPU
		{BE1D9A4F-1A21-48ED-BFF4-5E117079D118}.Debug|Any CPU.ActiveCfg = Debug|Any CPU
		{BE1D9A4F-1A21-48ED-BFF4-5E117079D118}.Debug|Any CPU.Build.0 = Debug|Any CPU
		{BE1D9A4F-1A21-48ED-BFF4-5E117079D118}.Release|Any CPU.ActiveCfg = Release|Any CPU
		{BE1D9A4F-1A21-48ED-BFF4-5E117079D118}.Release|Any CPU.Build.0 = Release|Any CPU
		{3F3BEC70-0327-4B34-9C0B-61C912DA414E}.Debug|Any CPU.ActiveCfg = Debug|Any CPU
		{3F3BEC70-0327-4B34-9C0B-61C912DA414E}.Debug|Any CPU.Build.0 = Debug|Any CPU
		{3F3BEC70-0327-4B34-9C0B-61C912DA414E}.Release|Any CPU.ActiveCfg = Release|Any CPU
		{3F3BEC70-0327-4B34-9C0B-61C912DA414E}.Release|Any CPU.Build.0 = Release|Any CPU
		{688297CB-534F-4D26-B036-D7ED0461E2E1}.Debug|Any CPU.ActiveCfg = Debug|Any CPU
		{688297CB-534F-4D26-B036-D7ED0461E2E1}.Debug|Any CPU.Build.0 = Debug|Any CPU
		{688297CB-534F-4D26-B036-D7ED0461E2E1}.Release|Any CPU.ActiveCfg = Release|Any CPU
		{688297CB-534F-4D26-B036-D7ED0461E2E1}.Release|Any CPU.Build.0 = Release|Any CPU
		{97BD63C8-2ECD-4E6A-A648-35EBCDB4A034}.Debug|Any CPU.ActiveCfg = Debug|Any CPU
		{97BD63C8-2ECD-4E6A-A648-35EBCDB4A034}.Debug|Any CPU.Build.0 = Debug|Any CPU
		{97BD63C8-2ECD-4E6A-A648-35EBCDB4A034}.Release|Any CPU.ActiveCfg = Release|Any CPU
		{97BD63C8-2ECD-4E6A-A648-35EBCDB4A034}.Release|Any CPU.Build.0 = Release|Any CPU
		{FBDFDC29-43DF-4480-81E8-D758564525A4}.Debug|Any CPU.ActiveCfg = Debug|Any CPU
		{FBDFDC29-43DF-4480-81E8-D758564525A4}.Debug|Any CPU.Build.0 = Debug|Any CPU
		{FBDFDC29-43DF-4480-81E8-D758564525A4}.Release|Any CPU.ActiveCfg = Release|Any CPU
		{FBDFDC29-43DF-4480-81E8-D758564525A4}.Release|Any CPU.Build.0 = Release|Any CPU
		{5CDDA833-8C2F-4425-89C6-82B367758AE6}.Debug|Any CPU.ActiveCfg = Debug|Any CPU
		{5CDDA833-8C2F-4425-89C6-82B367758AE6}.Debug|Any CPU.Build.0 = Debug|Any CPU
		{5CDDA833-8C2F-4425-89C6-82B367758AE6}.Release|Any CPU.ActiveCfg = Release|Any CPU
		{5CDDA833-8C2F-4425-89C6-82B367758AE6}.Release|Any CPU.Build.0 = Release|Any CPU
		{DC97A4AC-5284-4CE9-A6FF-C55E2EBE4D92}.Debug|Any CPU.ActiveCfg = Debug|Any CPU
		{DC97A4AC-5284-4CE9-A6FF-C55E2EBE4D92}.Debug|Any CPU.Build.0 = Debug|Any CPU
		{DC97A4AC-5284-4CE9-A6FF-C55E2EBE4D92}.Release|Any CPU.ActiveCfg = Release|Any CPU
		{DC97A4AC-5284-4CE9-A6FF-C55E2EBE4D92}.Release|Any CPU.Build.0 = Release|Any CPU
		{8FC2053C-7FA0-4D32-A8EF-BE8B1F984B7B}.Debug|Any CPU.ActiveCfg = Debug|Any CPU
		{8FC2053C-7FA0-4D32-A8EF-BE8B1F984B7B}.Debug|Any CPU.Build.0 = Debug|Any CPU
		{8FC2053C-7FA0-4D32-A8EF-BE8B1F984B7B}.Release|Any CPU.ActiveCfg = Release|Any CPU
		{8FC2053C-7FA0-4D32-A8EF-BE8B1F984B7B}.Release|Any CPU.Build.0 = Release|Any CPU
	EndGlobalSection
	GlobalSection(SolutionProperties) = preSolution
		HideSolutionNode = FALSE
	EndGlobalSection
	GlobalSection(NestedProjects) = preSolution
		{8AAD25FA-FF98-417A-99F0-63E0E182366F} = {AF8397AC-3214-4DDB-99A2-55E12902CDB1}
		{9CAC2C7A-B7FE-401D-AD74-8D4E6FD7E797} = {AF8397AC-3214-4DDB-99A2-55E12902CDB1}
		{FCB8AD5D-2D90-499A-94E8-44AB4C2F84FE} = {AF8397AC-3214-4DDB-99A2-55E12902CDB1}
		{3D36A867-4742-44D6-83D1-ADF5A3C918E7} = {AF8397AC-3214-4DDB-99A2-55E12902CDB1}
		{050DFDC6-A795-49EA-882F-4C37E406532C} = {AF8397AC-3214-4DDB-99A2-55E12902CDB1}
		{A36ED9DE-5720-4F90-8CE9-EA20E6D977AB} = {AF8397AC-3214-4DDB-99A2-55E12902CDB1}
		{698C0B4A-3F59-4AD1-BDDD-37B98D8D4B15} = {AF8397AC-3214-4DDB-99A2-55E12902CDB1}
		{DE784C98-C56C-4481-88FC-1C9AE517C7E6} = {AF8397AC-3214-4DDB-99A2-55E12902CDB1}
		{79C3F7D8-DBF8-44A4-98ED-03B4BCC5D9E3} = {AF8397AC-3214-4DDB-99A2-55E12902CDB1}
		{B9296AFD-F5B9-446E-9AB8-0C15F5569998} = {AF8397AC-3214-4DDB-99A2-55E12902CDB1}
		{1325609B-D6F6-4111-BC04-5C2FCA62A9D1} = {AF8397AC-3214-4DDB-99A2-55E12902CDB1}
		{CBF46F01-6F38-4E4E-A590-0D4CB9B8AA78} = {AF8397AC-3214-4DDB-99A2-55E12902CDB1}
		{3D93AABA-9983-4370-A6CB-B916706D4BA1} = {AF8397AC-3214-4DDB-99A2-55E12902CDB1}
		{87FECD8A-115C-4B4B-9C4B-C5C61718BF43} = {AF8397AC-3214-4DDB-99A2-55E12902CDB1}
		{977FA203-EC62-48AA-B0AB-C9850EE71A08} = {AF8397AC-3214-4DDB-99A2-55E12902CDB1}
		{B3B022F4-1D8A-43A6-95F7-BFD215F41420} = {AF8397AC-3214-4DDB-99A2-55E12902CDB1}
		{A9346C57-E09E-4948-968E-841BED0679A5} = {AF8397AC-3214-4DDB-99A2-55E12902CDB1}
		{092E32DF-30BB-44D9-BD7E-C75F326A7000} = {AF8397AC-3214-4DDB-99A2-55E12902CDB1}
		{D07BB17F-FC89-407C-98EC-84B96BE5926B} = {AF8397AC-3214-4DDB-99A2-55E12902CDB1}
		{5290C0D6-9634-40B1-9D58-98D93CDAC62F} = {AF8397AC-3214-4DDB-99A2-55E12902CDB1}
		{FC49E17A-E87B-460D-BE4A-C40E62B20424} = {AF8397AC-3214-4DDB-99A2-55E12902CDB1}
		{062C9742-D353-4043-BE10-B1B9E551821C} = {AF8397AC-3214-4DDB-99A2-55E12902CDB1}
		{8FA675DC-780A-452C-9188-A9EC91AB1282} = {AF8397AC-3214-4DDB-99A2-55E12902CDB1}
		{BE200DAB-E456-40C9-AD0E-05BF68804B95} = {AF8397AC-3214-4DDB-99A2-55E12902CDB1}
		{A5B4A1AC-9378-42D7-942E-4578651707B6} = {AF8397AC-3214-4DDB-99A2-55E12902CDB1}
		{9904411C-71F7-493F-BC1F-CCF5E9B1B8AF} = {AF8397AC-3214-4DDB-99A2-55E12902CDB1}
		{BA24A8F8-D044-4433-AF9F-A57B3F6B1DB1} = {AF8397AC-3214-4DDB-99A2-55E12902CDB1}
		{54ECC64B-D435-4454-8583-A5CFBF798527} = {AF8397AC-3214-4DDB-99A2-55E12902CDB1}
		{AA241DB0-5F7F-465B-954C-171250EFFF0B} = {AF8397AC-3214-4DDB-99A2-55E12902CDB1}
		{0BF45765-1EF9-4E5A-A25E-CBA2CC842572} = {AF8397AC-3214-4DDB-99A2-55E12902CDB1}
		{8E870478-B90B-4873-961E-383267ECDD5B} = {AF8397AC-3214-4DDB-99A2-55E12902CDB1}
		{55ACD384-9668-447D-A2C7-52CDB8797836} = {AF8397AC-3214-4DDB-99A2-55E12902CDB1}
		{AE7896BB-3A8C-44B1-94B7-14F4E605AF63} = {AF8397AC-3214-4DDB-99A2-55E12902CDB1}
		{4E70DB7C-8042-480D-B149-2755135F2C0D} = {AF8397AC-3214-4DDB-99A2-55E12902CDB1}
		{BE1D9A4F-1A21-48ED-BFF4-5E117079D118} = {AF8397AC-3214-4DDB-99A2-55E12902CDB1}
		{3F3BEC70-0327-4B34-9C0B-61C912DA414E} = {AF8397AC-3214-4DDB-99A2-55E12902CDB1}
		{688297CB-534F-4D26-B036-D7ED0461E2E1} = {AF8397AC-3214-4DDB-99A2-55E12902CDB1}
		{97BD63C8-2ECD-4E6A-A648-35EBCDB4A034} = {E8270F88-2A9B-4951-A690-89D81A811A47}
		{FBDFDC29-43DF-4480-81E8-D758564525A4} = {E8270F88-2A9B-4951-A690-89D81A811A47}
		{5CDDA833-8C2F-4425-89C6-82B367758AE6} = {E8270F88-2A9B-4951-A690-89D81A811A47}
		{DC97A4AC-5284-4CE9-A6FF-C55E2EBE4D92} = {E8270F88-2A9B-4951-A690-89D81A811A47}
		{8FC2053C-7FA0-4D32-A8EF-BE8B1F984B7B} = {AF8397AC-3214-4DDB-99A2-55E12902CDB1}
	EndGlobalSection
	GlobalSection(ExtensibilityGlobals) = postSolution
		SolutionGuid = {0D1E78B0-163F-45B5-879F-E511D1BF6FE8}
	EndGlobalSection
EndGlobal
