
Microsoft Visual Studio Solution File, Format Version 12.00
# Visual Studio 15
VisualStudioVersion = 15.0.28307.1259
MinimumVisualStudioVersion = 10.0.40219.1
Project("{FAE04EC0-301F-11D3-BF4B-00C04F79EFBC}") = "WindowDialogCustom", "WindowDialogCustom\WindowDialogCustom.csproj", "{FC83C325-7524-4488-BA4B-ACF3E290795F}"
EndProject
Global
	GlobalSection(SolutionConfigurationPlatforms) = preSolution
		Debug|Any CPU = Debug|Any CPU
		Release|Any CPU = Release|Any CPU
	EndGlobalSection
	GlobalSection(ProjectConfigurationPlatforms) = postSolution
		{FC83C325-7524-4488-BA4B-ACF3E290795F}.Debug|Any CPU.ActiveCfg = Debug|Any CPU
		{FC83C325-7524-4488-BA4B-ACF3E290795F}.Debug|Any CPU.Build.0 = Debug|Any CPU
		{FC83C325-7524-4488-BA4B-ACF3E290795F}.Release|Any CPU.ActiveCfg = Release|Any CPU
		{FC83C325-7524-4488-BA4B-ACF3E290795F}.Release|Any CPU.Build.0 = Release|Any CPU
	EndGlobalSection
	GlobalSection(SolutionProperties) = preSolution
		HideSolutionNode = FALSE
	EndGlobalSection
	GlobalSection(ExtensibilityGlobals) = postSolution
		SolutionGuid = {DDC06E9A-321D-498C-AB33-6A9C00AB6CDF}
	EndGlobalSection
EndGlobal
