
Microsoft Visual Studio Solution File, Format Version 12.00
# Visual Studio 15
VisualStudioVersion = 15.0.28307.1259
MinimumVisualStudioVersion = 10.0.40219.1
Project("{FAE04EC0-301F-11D3-BF4B-00C04F79EFBC}") = "TextSample", "TextSample\TextSample.csproj", "{9364DF1C-8D4E-46F8-8100-2BB801606075}"
EndProject
Project("{2150E333-8FDC-42A3-9474-1A3956D46DE8}") = "TextBox", "TextBox", "{7D37ACB3-CCAF-4DFC-B260-4950D69E7C31}"
EndProject
Project("{2150E333-8FDC-42A3-9474-1A3956D46DE8}") = "TextBlock", "TextBlock", "{1178EAA5-4EA9-43FA-8E15-DE02713C2CD0}"
EndProject
Project("{2150E333-8FDC-42A3-9474-1A3956D46DE8}") = "Label", "Label", "{599ACBE1-5BBD-47A1-B184-C0EB175D5921}"
EndProject
Project("{FAE04EC0-301F-11D3-BF4B-00C04F79EFBC}") = "TextExe1", "Text\TextExe1\TextExe1.csproj", "{8CD0E603-3834-4078-AC94-26613100F0A1}"
EndProject
Project("{2150E333-8FDC-42A3-9474-1A3956D46DE8}") = "_Info", "_Info", "{4F413E1B-7CDF-4EDE-AAE5-9E445A80DFA6}"
	ProjectSection(SolutionItems) = preProject
		설명서.txt = 설명서.txt
	EndProjectSection
EndProject
Project("{FAE04EC0-301F-11D3-BF4B-00C04F79EFBC}") = "TextExe2", "Text\TextExe2\TextExe2.csproj", "{3E243E7D-2903-4DBD-80F4-AFE06B69F73F}"
EndProject
Project("{FAE04EC0-301F-11D3-BF4B-00C04F79EFBC}") = "TextExe3", "Text\TextExe3\TextExe3.csproj", "{2329CFE6-765C-4FDC-A161-85E2664E8F99}"
EndProject
Project("{FAE04EC0-301F-11D3-BF4B-00C04F79EFBC}") = "TextExe4", "Text\TextExe4\TextExe4.csproj", "{41E58305-2F1C-42CC-A2F9-5EAB7AFD4C5B}"
EndProject
Global
	GlobalSection(SolutionConfigurationPlatforms) = preSolution
		Debug|Any CPU = Debug|Any CPU
		Release|Any CPU = Release|Any CPU
	EndGlobalSection
	GlobalSection(ProjectConfigurationPlatforms) = postSolution
		{9364DF1C-8D4E-46F8-8100-2BB801606075}.Debug|Any CPU.ActiveCfg = Debug|Any CPU
		{9364DF1C-8D4E-46F8-8100-2BB801606075}.Debug|Any CPU.Build.0 = Debug|Any CPU
		{9364DF1C-8D4E-46F8-8100-2BB801606075}.Release|Any CPU.ActiveCfg = Release|Any CPU
		{9364DF1C-8D4E-46F8-8100-2BB801606075}.Release|Any CPU.Build.0 = Release|Any CPU
		{8CD0E603-3834-4078-AC94-26613100F0A1}.Debug|Any CPU.ActiveCfg = Debug|Any CPU
		{8CD0E603-3834-4078-AC94-26613100F0A1}.Debug|Any CPU.Build.0 = Debug|Any CPU
		{8CD0E603-3834-4078-AC94-26613100F0A1}.Release|Any CPU.ActiveCfg = Release|Any CPU
		{8CD0E603-3834-4078-AC94-26613100F0A1}.Release|Any CPU.Build.0 = Release|Any CPU
		{3E243E7D-2903-4DBD-80F4-AFE06B69F73F}.Debug|Any CPU.ActiveCfg = Debug|Any CPU
		{3E243E7D-2903-4DBD-80F4-AFE06B69F73F}.Debug|Any CPU.Build.0 = Debug|Any CPU
		{3E243E7D-2903-4DBD-80F4-AFE06B69F73F}.Release|Any CPU.ActiveCfg = Release|Any CPU
		{3E243E7D-2903-4DBD-80F4-AFE06B69F73F}.Release|Any CPU.Build.0 = Release|Any CPU
		{2329CFE6-765C-4FDC-A161-85E2664E8F99}.Debug|Any CPU.ActiveCfg = Debug|Any CPU
		{2329CFE6-765C-4FDC-A161-85E2664E8F99}.Debug|Any CPU.Build.0 = Debug|Any CPU
		{2329CFE6-765C-4FDC-A161-85E2664E8F99}.Release|Any CPU.ActiveCfg = Release|Any CPU
		{2329CFE6-765C-4FDC-A161-85E2664E8F99}.Release|Any CPU.Build.0 = Release|Any CPU
		{41E58305-2F1C-42CC-A2F9-5EAB7AFD4C5B}.Debug|Any CPU.ActiveCfg = Debug|Any CPU
		{41E58305-2F1C-42CC-A2F9-5EAB7AFD4C5B}.Debug|Any CPU.Build.0 = Debug|Any CPU
		{41E58305-2F1C-42CC-A2F9-5EAB7AFD4C5B}.Release|Any CPU.ActiveCfg = Release|Any CPU
		{41E58305-2F1C-42CC-A2F9-5EAB7AFD4C5B}.Release|Any CPU.Build.0 = Release|Any CPU
	EndGlobalSection
	GlobalSection(SolutionProperties) = preSolution
		HideSolutionNode = FALSE
	EndGlobalSection
	GlobalSection(NestedProjects) = preSolution
		{8CD0E603-3834-4078-AC94-26613100F0A1} = {7D37ACB3-CCAF-4DFC-B260-4950D69E7C31}
		{3E243E7D-2903-4DBD-80F4-AFE06B69F73F} = {7D37ACB3-CCAF-4DFC-B260-4950D69E7C31}
		{2329CFE6-765C-4FDC-A161-85E2664E8F99} = {7D37ACB3-CCAF-4DFC-B260-4950D69E7C31}
		{41E58305-2F1C-42CC-A2F9-5EAB7AFD4C5B} = {7D37ACB3-CCAF-4DFC-B260-4950D69E7C31}
	EndGlobalSection
	GlobalSection(ExtensibilityGlobals) = postSolution
		SolutionGuid = {F9939E22-FF08-415C-97D8-820F40249FF8}
	EndGlobalSection
EndGlobal
