
Microsoft Visual Studio Solution File, Format Version 12.00
# Visual Studio 15
VisualStudioVersion = 15.0.28307.1259
MinimumVisualStudioVersion = 10.0.40219.1
Project("{2150E333-8FDC-42A3-9474-1A3956D46DE8}") = "DataGrid", "DataGrid", "{8D25FCE0-5A67-4689-AA0D-B9B0A1C22A50}"
	ProjectSection(SolutionItems) = preProject
		DataGrid\_설명서.txt = DataGrid\_설명서.txt
	EndProjectSection
EndProject
Project("{FAE04EC0-301F-11D3-BF4B-00C04F79EFBC}") = "DataGridExe2", "DataGrid\DataGridExe2\DataGridExe2.csproj", "{6DE93802-C703-4246-B69A-4A7E2B4FB074}"
EndProject
Project("{FAE04EC0-301F-11D3-BF4B-00C04F79EFBC}") = "DataGridExe3", "DataGrid\DataGridExe3\DataGridExe3.csproj", "{13EAC2AD-17F2-4380-A0AB-4203B2BC430D}"
EndProject
Project("{FAE04EC0-301F-11D3-BF4B-00C04F79EFBC}") = "DataGridExe4", "DataGrid\DataGridExe4\DataGridExe4.csproj", "{1D4DDE60-CA80-4C4D-93F6-C8C75849C51F}"
EndProject
Project("{FAE04EC0-301F-11D3-BF4B-00C04F79EFBC}") = "DataGridExe", "List\DataGridExe.csproj", "{969DF0DD-1C08-4348-BB3C-0EF58CA0BF92}"
EndProject
Project("{FAE04EC0-301F-11D3-BF4B-00C04F79EFBC}") = "DataGridExe5", "DataGrid\DataGridExe5\DataGridExe5.csproj", "{0D93FA45-FC0A-4F73-A3E8-8F8D64988286}"
EndProject
Project("{FAE04EC0-301F-11D3-BF4B-00C04F79EFBC}") = "DataGridExe6", "DataGrid\DataGridExe6\DataGridExe6.csproj", "{AB5223CF-536E-4E24-A146-14E4AF1614A3}"
EndProject
Project("{FAE04EC0-301F-11D3-BF4B-00C04F79EFBC}") = "DataGridExe7", "DataGrid\DataGridExe7\DataGridExe7.csproj", "{9CB75FE2-1DD6-4F4A-BE1D-618A5F60B1A8}"
EndProject
Project("{2150E333-8FDC-42A3-9474-1A3956D46DE8}") = "ListView", "ListView", "{C350569F-37CA-4AAF-B8E4-4D82B6108756}"
	ProjectSection(SolutionItems) = preProject
		ListExe.txt = ListExe.txt
		ListView\설명서.txt = ListView\설명서.txt
	EndProjectSection
EndProject
Project("{FAE04EC0-301F-11D3-BF4B-00C04F79EFBC}") = "DataGridExe8", "DataGrid\DataGridExe8\DataGridExe8.csproj", "{58A81DC7-58AF-4B77-BD9A-14543635C9D9}"
EndProject
Project("{2150E333-8FDC-42A3-9474-1A3956D46DE8}") = "Templete", "Templete", "{5D6FBACB-87A1-4382-B171-3CF137DB3DDD}"
	ProjectSection(SolutionItems) = preProject
		Templete\설명서.txt = Templete\설명서.txt
	EndProjectSection
EndProject
Project("{FAE04EC0-301F-11D3-BF4B-00C04F79EFBC}") = "Listview", "ListView\Listview\Listview.csproj", "{90AB8F6A-CC51-4B29-8695-2FEDE58804DF}"
EndProject
Project("{FAE04EC0-301F-11D3-BF4B-00C04F79EFBC}") = "ListViewWithDataGridAdded", "ListView\ListViewWithDataGridAdded\ListViewWithDataGridAdded.csproj", "{FE6D5CB8-9CBE-4DF1-A4A7-4C1EA14743F4}"
EndProject
Project("{FAE04EC0-301F-11D3-BF4B-00C04F79EFBC}") = "datatemplete", "Templete\datatemplete\datatemplete.csproj", "{0361777E-4D45-4F2C-AED4-11B4EF37B491}"
EndProject
Project("{FAE04EC0-301F-11D3-BF4B-00C04F79EFBC}") = "datatriggerExe", "Templete\datatriggerExe\datatriggerExe.csproj", "{18454A5F-B1B1-4E2D-B8AF-0760C70CEDDE}"
EndProject
Project("{FAE04EC0-301F-11D3-BF4B-00C04F79EFBC}") = "ControlTemplateExe", "Templete\ControlTemplateExe\ControlTemplateExe.csproj", "{0FD95968-D109-4735-8E80-EE107C5D1ACE}"
EndProject
Project("{FAE04EC0-301F-11D3-BF4B-00C04F79EFBC}") = "DataGridDemo1", "DataGrid\DataGridDemo1\DataGridDemo1.csproj", "{286EE281-3539-4DAB-845D-AC32B9BD494E}"
EndProject
Project("{FAE04EC0-301F-11D3-BF4B-00C04F79EFBC}") = "DataTemplateExe3", "Templete\DataTemplateExe3\DataTemplateExe3.csproj", "{922593A6-9032-4D34-A287-6E8B07F819B4}"
EndProject
Project("{FAE04EC0-301F-11D3-BF4B-00C04F79EFBC}") = "DataTemplateExe4", "Templete\DataTemplateExe4\DataTemplateExe4.csproj", "{EAB7C2F2-A16C-4EB0-A2BE-1F3182C3F602}"
EndProject
Project("{2150E333-8FDC-42A3-9474-1A3956D46DE8}") = "ListViewDemo1", "ListViewDemo1", "{A05F373C-D81C-49DF-AE85-C3818B0CE727}"
EndProject
Project("{FAE04EC0-301F-11D3-BF4B-00C04F79EFBC}") = "ListViewDemo1", "ListView\Demo\ListViewDemo1\ListViewDemo1.csproj", "{095FC745-6473-472E-8942-3C5E124BE96D}"
EndProject
Project("{FAE04EC0-301F-11D3-BF4B-00C04F79EFBC}") = "TextBoxAndDataGrid", "DataGrid\TextBoxAndDataGrid\TextBoxAndDataGrid.csproj", "{5BFDC992-D71E-445F-8D53-E8D2EEEC78B7}"
EndProject
Global
	GlobalSection(SolutionConfigurationPlatforms) = preSolution
		Debug|Any CPU = Debug|Any CPU
		Release|Any CPU = Release|Any CPU
	EndGlobalSection
	GlobalSection(ProjectConfigurationPlatforms) = postSolution
		{6DE93802-C703-4246-B69A-4A7E2B4FB074}.Debug|Any CPU.ActiveCfg = Debug|Any CPU
		{6DE93802-C703-4246-B69A-4A7E2B4FB074}.Debug|Any CPU.Build.0 = Debug|Any CPU
		{6DE93802-C703-4246-B69A-4A7E2B4FB074}.Release|Any CPU.ActiveCfg = Release|Any CPU
		{6DE93802-C703-4246-B69A-4A7E2B4FB074}.Release|Any CPU.Build.0 = Release|Any CPU
		{13EAC2AD-17F2-4380-A0AB-4203B2BC430D}.Debug|Any CPU.ActiveCfg = Debug|Any CPU
		{13EAC2AD-17F2-4380-A0AB-4203B2BC430D}.Debug|Any CPU.Build.0 = Debug|Any CPU
		{13EAC2AD-17F2-4380-A0AB-4203B2BC430D}.Release|Any CPU.ActiveCfg = Release|Any CPU
		{13EAC2AD-17F2-4380-A0AB-4203B2BC430D}.Release|Any CPU.Build.0 = Release|Any CPU
		{1D4DDE60-CA80-4C4D-93F6-C8C75849C51F}.Debug|Any CPU.ActiveCfg = Debug|Any CPU
		{1D4DDE60-CA80-4C4D-93F6-C8C75849C51F}.Debug|Any CPU.Build.0 = Debug|Any CPU
		{1D4DDE60-CA80-4C4D-93F6-C8C75849C51F}.Release|Any CPU.ActiveCfg = Release|Any CPU
		{1D4DDE60-CA80-4C4D-93F6-C8C75849C51F}.Release|Any CPU.Build.0 = Release|Any CPU
		{969DF0DD-1C08-4348-BB3C-0EF58CA0BF92}.Debug|Any CPU.ActiveCfg = Debug|Any CPU
		{969DF0DD-1C08-4348-BB3C-0EF58CA0BF92}.Debug|Any CPU.Build.0 = Debug|Any CPU
		{969DF0DD-1C08-4348-BB3C-0EF58CA0BF92}.Release|Any CPU.ActiveCfg = Release|Any CPU
		{969DF0DD-1C08-4348-BB3C-0EF58CA0BF92}.Release|Any CPU.Build.0 = Release|Any CPU
		{0D93FA45-FC0A-4F73-A3E8-8F8D64988286}.Debug|Any CPU.ActiveCfg = Debug|Any CPU
		{0D93FA45-FC0A-4F73-A3E8-8F8D64988286}.Debug|Any CPU.Build.0 = Debug|Any CPU
		{0D93FA45-FC0A-4F73-A3E8-8F8D64988286}.Release|Any CPU.ActiveCfg = Release|Any CPU
		{0D93FA45-FC0A-4F73-A3E8-8F8D64988286}.Release|Any CPU.Build.0 = Release|Any CPU
		{AB5223CF-536E-4E24-A146-14E4AF1614A3}.Debug|Any CPU.ActiveCfg = Debug|Any CPU
		{AB5223CF-536E-4E24-A146-14E4AF1614A3}.Debug|Any CPU.Build.0 = Debug|Any CPU
		{AB5223CF-536E-4E24-A146-14E4AF1614A3}.Release|Any CPU.ActiveCfg = Release|Any CPU
		{AB5223CF-536E-4E24-A146-14E4AF1614A3}.Release|Any CPU.Build.0 = Release|Any CPU
		{9CB75FE2-1DD6-4F4A-BE1D-618A5F60B1A8}.Debug|Any CPU.ActiveCfg = Debug|Any CPU
		{9CB75FE2-1DD6-4F4A-BE1D-618A5F60B1A8}.Debug|Any CPU.Build.0 = Debug|Any CPU
		{9CB75FE2-1DD6-4F4A-BE1D-618A5F60B1A8}.Release|Any CPU.ActiveCfg = Release|Any CPU
		{9CB75FE2-1DD6-4F4A-BE1D-618A5F60B1A8}.Release|Any CPU.Build.0 = Release|Any CPU
		{58A81DC7-58AF-4B77-BD9A-14543635C9D9}.Debug|Any CPU.ActiveCfg = Debug|Any CPU
		{58A81DC7-58AF-4B77-BD9A-14543635C9D9}.Debug|Any CPU.Build.0 = Debug|Any CPU
		{58A81DC7-58AF-4B77-BD9A-14543635C9D9}.Release|Any CPU.ActiveCfg = Release|Any CPU
		{58A81DC7-58AF-4B77-BD9A-14543635C9D9}.Release|Any CPU.Build.0 = Release|Any CPU
		{90AB8F6A-CC51-4B29-8695-2FEDE58804DF}.Debug|Any CPU.ActiveCfg = Debug|Any CPU
		{90AB8F6A-CC51-4B29-8695-2FEDE58804DF}.Debug|Any CPU.Build.0 = Debug|Any CPU
		{90AB8F6A-CC51-4B29-8695-2FEDE58804DF}.Release|Any CPU.ActiveCfg = Release|Any CPU
		{90AB8F6A-CC51-4B29-8695-2FEDE58804DF}.Release|Any CPU.Build.0 = Release|Any CPU
		{FE6D5CB8-9CBE-4DF1-A4A7-4C1EA14743F4}.Debug|Any CPU.ActiveCfg = Debug|Any CPU
		{FE6D5CB8-9CBE-4DF1-A4A7-4C1EA14743F4}.Debug|Any CPU.Build.0 = Debug|Any CPU
		{FE6D5CB8-9CBE-4DF1-A4A7-4C1EA14743F4}.Release|Any CPU.ActiveCfg = Release|Any CPU
		{FE6D5CB8-9CBE-4DF1-A4A7-4C1EA14743F4}.Release|Any CPU.Build.0 = Release|Any CPU
		{0361777E-4D45-4F2C-AED4-11B4EF37B491}.Debug|Any CPU.ActiveCfg = Debug|Any CPU
		{0361777E-4D45-4F2C-AED4-11B4EF37B491}.Debug|Any CPU.Build.0 = Debug|Any CPU
		{0361777E-4D45-4F2C-AED4-11B4EF37B491}.Release|Any CPU.ActiveCfg = Release|Any CPU
		{0361777E-4D45-4F2C-AED4-11B4EF37B491}.Release|Any CPU.Build.0 = Release|Any CPU
		{18454A5F-B1B1-4E2D-B8AF-0760C70CEDDE}.Debug|Any CPU.ActiveCfg = Debug|Any CPU
		{18454A5F-B1B1-4E2D-B8AF-0760C70CEDDE}.Debug|Any CPU.Build.0 = Debug|Any CPU
		{18454A5F-B1B1-4E2D-B8AF-0760C70CEDDE}.Release|Any CPU.ActiveCfg = Release|Any CPU
		{18454A5F-B1B1-4E2D-B8AF-0760C70CEDDE}.Release|Any CPU.Build.0 = Release|Any CPU
		{0FD95968-D109-4735-8E80-EE107C5D1ACE}.Debug|Any CPU.ActiveCfg = Debug|Any CPU
		{0FD95968-D109-4735-8E80-EE107C5D1ACE}.Debug|Any CPU.Build.0 = Debug|Any CPU
		{0FD95968-D109-4735-8E80-EE107C5D1ACE}.Release|Any CPU.ActiveCfg = Release|Any CPU
		{0FD95968-D109-4735-8E80-EE107C5D1ACE}.Release|Any CPU.Build.0 = Release|Any CPU
		{286EE281-3539-4DAB-845D-AC32B9BD494E}.Debug|Any CPU.ActiveCfg = Debug|Any CPU
		{286EE281-3539-4DAB-845D-AC32B9BD494E}.Debug|Any CPU.Build.0 = Debug|Any CPU
		{286EE281-3539-4DAB-845D-AC32B9BD494E}.Release|Any CPU.ActiveCfg = Release|Any CPU
		{286EE281-3539-4DAB-845D-AC32B9BD494E}.Release|Any CPU.Build.0 = Release|Any CPU
		{922593A6-9032-4D34-A287-6E8B07F819B4}.Debug|Any CPU.ActiveCfg = Debug|Any CPU
		{922593A6-9032-4D34-A287-6E8B07F819B4}.Debug|Any CPU.Build.0 = Debug|Any CPU
		{922593A6-9032-4D34-A287-6E8B07F819B4}.Release|Any CPU.ActiveCfg = Release|Any CPU
		{922593A6-9032-4D34-A287-6E8B07F819B4}.Release|Any CPU.Build.0 = Release|Any CPU
		{EAB7C2F2-A16C-4EB0-A2BE-1F3182C3F602}.Debug|Any CPU.ActiveCfg = Debug|Any CPU
		{EAB7C2F2-A16C-4EB0-A2BE-1F3182C3F602}.Debug|Any CPU.Build.0 = Debug|Any CPU
		{EAB7C2F2-A16C-4EB0-A2BE-1F3182C3F602}.Release|Any CPU.ActiveCfg = Release|Any CPU
		{EAB7C2F2-A16C-4EB0-A2BE-1F3182C3F602}.Release|Any CPU.Build.0 = Release|Any CPU
		{095FC745-6473-472E-8942-3C5E124BE96D}.Debug|Any CPU.ActiveCfg = Debug|Any CPU
		{095FC745-6473-472E-8942-3C5E124BE96D}.Debug|Any CPU.Build.0 = Debug|Any CPU
		{095FC745-6473-472E-8942-3C5E124BE96D}.Release|Any CPU.ActiveCfg = Release|Any CPU
		{095FC745-6473-472E-8942-3C5E124BE96D}.Release|Any CPU.Build.0 = Release|Any CPU
		{5BFDC992-D71E-445F-8D53-E8D2EEEC78B7}.Debug|Any CPU.ActiveCfg = Debug|Any CPU
		{5BFDC992-D71E-445F-8D53-E8D2EEEC78B7}.Debug|Any CPU.Build.0 = Debug|Any CPU
		{5BFDC992-D71E-445F-8D53-E8D2EEEC78B7}.Release|Any CPU.ActiveCfg = Release|Any CPU
		{5BFDC992-D71E-445F-8D53-E8D2EEEC78B7}.Release|Any CPU.Build.0 = Release|Any CPU
	EndGlobalSection
	GlobalSection(SolutionProperties) = preSolution
		HideSolutionNode = FALSE
	EndGlobalSection
	GlobalSection(NestedProjects) = preSolution
		{6DE93802-C703-4246-B69A-4A7E2B4FB074} = {8D25FCE0-5A67-4689-AA0D-B9B0A1C22A50}
		{13EAC2AD-17F2-4380-A0AB-4203B2BC430D} = {8D25FCE0-5A67-4689-AA0D-B9B0A1C22A50}
		{1D4DDE60-CA80-4C4D-93F6-C8C75849C51F} = {8D25FCE0-5A67-4689-AA0D-B9B0A1C22A50}
		{969DF0DD-1C08-4348-BB3C-0EF58CA0BF92} = {8D25FCE0-5A67-4689-AA0D-B9B0A1C22A50}
		{0D93FA45-FC0A-4F73-A3E8-8F8D64988286} = {8D25FCE0-5A67-4689-AA0D-B9B0A1C22A50}
		{AB5223CF-536E-4E24-A146-14E4AF1614A3} = {8D25FCE0-5A67-4689-AA0D-B9B0A1C22A50}
		{9CB75FE2-1DD6-4F4A-BE1D-618A5F60B1A8} = {8D25FCE0-5A67-4689-AA0D-B9B0A1C22A50}
		{58A81DC7-58AF-4B77-BD9A-14543635C9D9} = {8D25FCE0-5A67-4689-AA0D-B9B0A1C22A50}
		{90AB8F6A-CC51-4B29-8695-2FEDE58804DF} = {C350569F-37CA-4AAF-B8E4-4D82B6108756}
		{FE6D5CB8-9CBE-4DF1-A4A7-4C1EA14743F4} = {C350569F-37CA-4AAF-B8E4-4D82B6108756}
		{0361777E-4D45-4F2C-AED4-11B4EF37B491} = {5D6FBACB-87A1-4382-B171-3CF137DB3DDD}
		{18454A5F-B1B1-4E2D-B8AF-0760C70CEDDE} = {5D6FBACB-87A1-4382-B171-3CF137DB3DDD}
		{0FD95968-D109-4735-8E80-EE107C5D1ACE} = {5D6FBACB-87A1-4382-B171-3CF137DB3DDD}
		{286EE281-3539-4DAB-845D-AC32B9BD494E} = {8D25FCE0-5A67-4689-AA0D-B9B0A1C22A50}
		{922593A6-9032-4D34-A287-6E8B07F819B4} = {5D6FBACB-87A1-4382-B171-3CF137DB3DDD}
		{EAB7C2F2-A16C-4EB0-A2BE-1F3182C3F602} = {5D6FBACB-87A1-4382-B171-3CF137DB3DDD}
		{A05F373C-D81C-49DF-AE85-C3818B0CE727} = {C350569F-37CA-4AAF-B8E4-4D82B6108756}
		{095FC745-6473-472E-8942-3C5E124BE96D} = {A05F373C-D81C-49DF-AE85-C3818B0CE727}
		{5BFDC992-D71E-445F-8D53-E8D2EEEC78B7} = {8D25FCE0-5A67-4689-AA0D-B9B0A1C22A50}
	EndGlobalSection
	GlobalSection(ExtensibilityGlobals) = postSolution
		SolutionGuid = {EBFBAB23-F835-4DE8-B9A2-17862BFED4F6}
	EndGlobalSection
EndGlobal
