
Microsoft Visual Studio Solution File, Format Version 12.00
# Visual Studio 15
VisualStudioVersion = 15.0.28307.1209
MinimumVisualStudioVersion = 10.0.40219.1
Project("{FAE04EC0-301F-11D3-BF4B-00C04F79EFBC}") = "NavigationMenu", "NavigationMenu\NavigationMenu.csproj", "{E2B0C451-D9C2-4FA6-80B1-C43CE077531E}"
EndProject
Global
	GlobalSection(SolutionConfigurationPlatforms) = preSolution
		Debug|Any CPU = Debug|Any CPU
		Release|Any CPU = Release|Any CPU
	EndGlobalSection
	GlobalSection(ProjectConfigurationPlatforms) = postSolution
		{E2B0C451-D9C2-4FA6-80B1-C43CE077531E}.Debug|Any CPU.ActiveCfg = Debug|Any CPU
		{E2B0C451-D9C2-4FA6-80B1-C43CE077531E}.Debug|Any CPU.Build.0 = Debug|Any CPU
		{E2B0C451-D9C2-4FA6-80B1-C43CE077531E}.Release|Any CPU.ActiveCfg = Release|Any CPU
		{E2B0C451-D9C2-4FA6-80B1-C43CE077531E}.Release|Any CPU.Build.0 = Release|Any CPU
	EndGlobalSection
	GlobalSection(SolutionProperties) = preSolution
		HideSolutionNode = FALSE
	EndGlobalSection
	GlobalSection(ExtensibilityGlobals) = postSolution
		SolutionGuid = {98542B5C-ED23-4538-8AB7-683A25D293A3}
	EndGlobalSection
EndGlobal
