
Microsoft Visual Studio Solution File, Format Version 12.00
# Visual Studio 15
VisualStudioVersion = 15.0.28307.1267
MinimumVisualStudioVersion = 10.0.40219.1
Project("{FAE04EC0-301F-11D3-BF4B-00C04F79EFBC}") = "07-Modules - LoadManual", "07-Modules - LoadManual\07-Modules - LoadManual.csproj", "{8ACC801C-503E-4BAB-A53F-8C768C7C4A6D}"
EndProject
Global
	GlobalSection(SolutionConfigurationPlatforms) = preSolution
		Debug|Any CPU = Debug|Any CPU
		Release|Any CPU = Release|Any CPU
	EndGlobalSection
	GlobalSection(ProjectConfigurationPlatforms) = postSolution
		{8ACC801C-503E-4BAB-A53F-8C768C7C4A6D}.Debug|Any CPU.ActiveCfg = Debug|Any CPU
		{8ACC801C-503E-4BAB-A53F-8C768C7C4A6D}.Debug|Any CPU.Build.0 = Debug|Any CPU
		{8ACC801C-503E-4BAB-A53F-8C768C7C4A6D}.Release|Any CPU.ActiveCfg = Release|Any CPU
		{8ACC801C-503E-4BAB-A53F-8C768C7C4A6D}.Release|Any CPU.Build.0 = Release|Any CPU
	EndGlobalSection
	GlobalSection(SolutionProperties) = preSolution
		HideSolutionNode = FALSE
	EndGlobalSection
	GlobalSection(ExtensibilityGlobals) = postSolution
		SolutionGuid = {61215067-3BFC-4C1B-B22A-DA9FEAB86B6E}
	EndGlobalSection
EndGlobal
