
Microsoft Visual Studio Solution File, Format Version 12.00
# Visual Studio 15
VisualStudioVersion = 15.0.28307.1259
MinimumVisualStudioVersion = 10.0.40219.1
Project("{FAE04EC0-301F-11D3-BF4B-00C04F79EFBC}") = "EventAggregator", "EventAggregator\EventAggregator.csproj", "{0F7A8522-92F7-4BCE-9EDD-34B4C72861E8}"
	ProjectSection(ProjectDependencies) = postProject
		{599C1906-16E3-492E-BE01-00EBC24A7732} = {599C1906-16E3-492E-BE01-00EBC24A7732}
		{78A96C89-DE33-40AC-A71F-A16A06DFCC13} = {78A96C89-DE33-40AC-A71F-A16A06DFCC13}
		{1D6CE7D5-4DD9-4A53-A924-EBFE3C80BF63} = {1D6CE7D5-4DD9-4A53-A924-EBFE3C80BF63}
	EndProjectSection
EndProject
Project("{2150E333-8FDC-42A3-9474-1A3956D46DE8}") = "Modules", "Modules", "{000775C6-CFF7-4DF8-B0C1-15AF13F02D83}"
EndProject
Project("{FAE04EC0-301F-11D3-BF4B-00C04F79EFBC}") = "EventAggregator.Core", "EventAggregator.Core\EventAggregator.Core.csproj", "{78A96C89-DE33-40AC-A71F-A16A06DFCC13}"
EndProject
Project("{FAE04EC0-301F-11D3-BF4B-00C04F79EFBC}") = "ModuleA", "Modules\ModuleA\ModuleA.csproj", "{1D6CE7D5-4DD9-4A53-A924-EBFE3C80BF63}"
	ProjectSection(ProjectDependencies) = postProject
		{78A96C89-DE33-40AC-A71F-A16A06DFCC13} = {78A96C89-DE33-40AC-A71F-A16A06DFCC13}
	EndProjectSection
EndProject
Project("{FAE04EC0-301F-11D3-BF4B-00C04F79EFBC}") = "ModuleB", "Modules\ModuleB\ModuleB.csproj", "{599C1906-16E3-492E-BE01-00EBC24A7732}"
	ProjectSection(ProjectDependencies) = postProject
		{78A96C89-DE33-40AC-A71F-A16A06DFCC13} = {78A96C89-DE33-40AC-A71F-A16A06DFCC13}
	EndProjectSection
EndProject
Global
	GlobalSection(SolutionConfigurationPlatforms) = preSolution
		Debug|Any CPU = Debug|Any CPU
		Release|Any CPU = Release|Any CPU
	EndGlobalSection
	GlobalSection(ProjectConfigurationPlatforms) = postSolution
		{0F7A8522-92F7-4BCE-9EDD-34B4C72861E8}.Debug|Any CPU.ActiveCfg = Debug|Any CPU
		{0F7A8522-92F7-4BCE-9EDD-34B4C72861E8}.Debug|Any CPU.Build.0 = Debug|Any CPU
		{0F7A8522-92F7-4BCE-9EDD-34B4C72861E8}.Release|Any CPU.ActiveCfg = Release|Any CPU
		{0F7A8522-92F7-4BCE-9EDD-34B4C72861E8}.Release|Any CPU.Build.0 = Release|Any CPU
		{78A96C89-DE33-40AC-A71F-A16A06DFCC13}.Debug|Any CPU.ActiveCfg = Debug|Any CPU
		{78A96C89-DE33-40AC-A71F-A16A06DFCC13}.Debug|Any CPU.Build.0 = Debug|Any CPU
		{78A96C89-DE33-40AC-A71F-A16A06DFCC13}.Release|Any CPU.ActiveCfg = Release|Any CPU
		{78A96C89-DE33-40AC-A71F-A16A06DFCC13}.Release|Any CPU.Build.0 = Release|Any CPU
		{1D6CE7D5-4DD9-4A53-A924-EBFE3C80BF63}.Debug|Any CPU.ActiveCfg = Debug|Any CPU
		{1D6CE7D5-4DD9-4A53-A924-EBFE3C80BF63}.Debug|Any CPU.Build.0 = Debug|Any CPU
		{1D6CE7D5-4DD9-4A53-A924-EBFE3C80BF63}.Release|Any CPU.ActiveCfg = Release|Any CPU
		{1D6CE7D5-4DD9-4A53-A924-EBFE3C80BF63}.Release|Any CPU.Build.0 = Release|Any CPU
		{599C1906-16E3-492E-BE01-00EBC24A7732}.Debug|Any CPU.ActiveCfg = Debug|Any CPU
		{599C1906-16E3-492E-BE01-00EBC24A7732}.Debug|Any CPU.Build.0 = Debug|Any CPU
		{599C1906-16E3-492E-BE01-00EBC24A7732}.Release|Any CPU.ActiveCfg = Release|Any CPU
		{599C1906-16E3-492E-BE01-00EBC24A7732}.Release|Any CPU.Build.0 = Release|Any CPU
	EndGlobalSection
	GlobalSection(SolutionProperties) = preSolution
		HideSolutionNode = FALSE
	EndGlobalSection
	GlobalSection(NestedProjects) = preSolution
		{1D6CE7D5-4DD9-4A53-A924-EBFE3C80BF63} = {000775C6-CFF7-4DF8-B0C1-15AF13F02D83}
		{599C1906-16E3-492E-BE01-00EBC24A7732} = {000775C6-CFF7-4DF8-B0C1-15AF13F02D83}
	EndGlobalSection
	GlobalSection(ExtensibilityGlobals) = postSolution
		SolutionGuid = {7D56456F-55DB-45BC-B3F7-76341055F4A3}
	EndGlobalSection
EndGlobal
