
Microsoft Visual Studio Solution File, Format Version 12.00
# Visual Studio 15
VisualStudioVersion = 15.0.28307.1259
MinimumVisualStudioVersion = 10.0.40219.1
Project("{FAE04EC0-301F-11D3-BF4B-00C04F79EFBC}") = "DataBaseconnectTool", "DataBaseconnectTool\DataBaseconnectTool.csproj", "{79070072-CB57-4B8B-A050-D79508C28443}"
EndProject
Project("{00D1A9C2-B5F0-4AF3-8072-F6C62B433612}") = "SqlProject", "SqlProject\SqlProject.sqlproj", "{2B136035-FA52-40B7-98D7-FBF341FD433C}"
EndProject
Project("{00D1A9C2-B5F0-4AF3-8072-F6C62B433612}") = "SQLFromExistiing", "SQLFromExistiing\SQLFromExistiing.sqlproj", "{7AB527B4-BC5F-410B-8F43-C085196059E5}"
EndProject
Global
	GlobalSection(SolutionConfigurationPlatforms) = preSolution
		Debug|Any CPU = Debug|Any CPU
		Release|Any CPU = Release|Any CPU
	EndGlobalSection
	GlobalSection(ProjectConfigurationPlatforms) = postSolution
		{79070072-CB57-4B8B-A050-D79508C28443}.Debug|Any CPU.ActiveCfg = Debug|Any CPU
		{79070072-CB57-4B8B-A050-D79508C28443}.Debug|Any CPU.Build.0 = Debug|Any CPU
		{79070072-CB57-4B8B-A050-D79508C28443}.Release|Any CPU.ActiveCfg = Release|Any CPU
		{79070072-CB57-4B8B-A050-D79508C28443}.Release|Any CPU.Build.0 = Release|Any CPU
		{2B136035-FA52-40B7-98D7-FBF341FD433C}.Debug|Any CPU.ActiveCfg = Debug|Any CPU
		{2B136035-FA52-40B7-98D7-FBF341FD433C}.Debug|Any CPU.Build.0 = Debug|Any CPU
		{2B136035-FA52-40B7-98D7-FBF341FD433C}.Debug|Any CPU.Deploy.0 = Debug|Any CPU
		{2B136035-FA52-40B7-98D7-FBF341FD433C}.Release|Any CPU.ActiveCfg = Release|Any CPU
		{2B136035-FA52-40B7-98D7-FBF341FD433C}.Release|Any CPU.Build.0 = Release|Any CPU
		{2B136035-FA52-40B7-98D7-FBF341FD433C}.Release|Any CPU.Deploy.0 = Release|Any CPU
		{7AB527B4-BC5F-410B-8F43-C085196059E5}.Debug|Any CPU.ActiveCfg = Debug|Any CPU
		{7AB527B4-BC5F-410B-8F43-C085196059E5}.Debug|Any CPU.Build.0 = Debug|Any CPU
		{7AB527B4-BC5F-410B-8F43-C085196059E5}.Debug|Any CPU.Deploy.0 = Debug|Any CPU
		{7AB527B4-BC5F-410B-8F43-C085196059E5}.Release|Any CPU.ActiveCfg = Release|Any CPU
		{7AB527B4-BC5F-410B-8F43-C085196059E5}.Release|Any CPU.Build.0 = Release|Any CPU
		{7AB527B4-BC5F-410B-8F43-C085196059E5}.Release|Any CPU.Deploy.0 = Release|Any CPU
	EndGlobalSection
	GlobalSection(SolutionProperties) = preSolution
		HideSolutionNode = FALSE
	EndGlobalSection
	GlobalSection(ExtensibilityGlobals) = postSolution
		SolutionGuid = {5ADD4625-F80F-4A2C-B3BD-310C5D6710D4}
	EndGlobalSection
EndGlobal
